// !$*UTF8*$!
{
	archiveVersion = 1;
	classes = {
	};
	objectVersion = 46;
	objects = {

/* Begin PBXBuildFile section */
		BD8641501AA4ED0C005B9639 /* main.m in Sources */ = {isa = PBXBuildFile; fileRef = BD86414F1AA4ED0C005B9639 /* main.m */; };
		BD8641531AA4ED0C005B9639 /* AppDelegate.m in Sources */ = {isa = PBXBuildFile; fileRef = BD8641521AA4ED0C005B9639 /* AppDelegate.m */; };
		BD8641561AA4ED0C005B9639 /* ViewController.m in Sources */ = {isa = PBXBuildFile; fileRef = BD8641551AA4ED0C005B9639 /* ViewController.m */; };
		BD8641591AA4ED0C005B9639 /* Main.storyboard in Resources */ = {isa = PBXBuildFile; fileRef = BD8641571AA4ED0C005B9639 /* Main.storyboard */; };
		BD86415B1AA4ED0C005B9639 /* Images.xcassets in Resources */ = {isa = PBXBuildFile; fileRef = BD86415A1AA4ED0C005B9639 /* Images.xcassets */; };
		BD86415E1AA4ED0C005B9639 /* LaunchScreen.xib in Resources */ = {isa = PBXBuildFile; fileRef = BD86415C1AA4ED0C005B9639 /* LaunchScreen.xib */; };
		BD86416A1AA4ED0C005B9639 /* MultithreadedProgrammingTests.m in Sources */ = {isa = PBXBuildFile; fileRef = BD8641691AA4ED0C005B9639 /* MultithreadedProgrammingTests.m */; };
		BD8641751AA4FB63005B9639 /* OperationViewController.m in Sources */ = {isa = PBXBuildFile; fileRef = BD8641741AA4FB63005B9639 /* OperationViewController.m */; };
		BD8641781AA5001F005B9639 /* DownloadImageOperation.m in Sources */ = {isa = PBXBuildFile; fileRef = BD8641771AA5001F005B9639 /* DownloadImageOperation.m */; };
		BD86417B1AA512BA005B9639 /* DownloadImageOperationController.m in Sources */ = {isa = PBXBuildFile; fileRef = BD86417A1AA512BA005B9639 /* DownloadImageOperationController.m */; };
		BD86417E1AA60E24005B9639 /* GCDViewController.m in Sources */ = {isa = PBXBuildFile; fileRef = BD86417D1AA60E24005B9639 /* GCDViewController.m */; };
/* End PBXBuildFile section */

/* Begin PBXContainerItemProxy section */
		BD8641641AA4ED0C005B9639 /* PBXContainerItemProxy */ = {
			isa = PBXContainerItemProxy;
			containerPortal = BD8641421AA4ED0C005B9639 /* Project object */;
			proxyType = 1;
			remoteGlobalIDString = BD8641491AA4ED0C005B9639;
			remoteInfo = MultithreadedProgramming;
		};
/* End PBXContainerItemProxy section */

/* Begin PBXFileReference section */
		BD86414A1AA4ED0C005B9639 /* MultithreadedProgramming.app */ = {isa = PBXFileReference; explicitFileType = wrapper.application; includeInIndex = 0; path = MultithreadedProgramming.app; sourceTree = BUILT_PRODUCTS_DIR; };
		BD86414E1AA4ED0C005B9639 /* Info.plist */ = {isa = PBXFileReference; lastKnownFileType = text.plist.xml; path = Info.plist; sourceTree = "<group>"; };
		BD86414F1AA4ED0C005B9639 /* main.m */ = {isa = PBXFileReference; lastKnownFileType = sourcecode.c.objc; path = main.m; sourceTree = "<group>"; };
		BD8641511AA4ED0C005B9639 /* AppDelegate.h */ = {isa = PBXFileReference; lastKnownFileType = sourcecode.c.h; path = AppDelegate.h; sourceTree = "<group>"; };
		BD8641521AA4ED0C005B9639 /* AppDelegate.m */ = {isa = PBXFileReference; lastKnownFileType = sourcecode.c.objc; path = AppDelegate.m; sourceTree = "<group>"; };
		BD8641541AA4ED0C005B9639 /* ViewController.h */ = {isa = PBXFileReference; lastKnownFileType = sourcecode.c.h; path = ViewController.h; sourceTree = "<group>"; };
		BD8641551AA4ED0C005B9639 /* ViewController.m */ = {isa = PBXFileReference; lastKnownFileType = sourcecode.c.objc; path = ViewController.m; sourceTree = "<group>"; };
		BD8641581AA4ED0C005B9639 /* Base */ = {isa = PBXFileReference; lastKnownFileType = file.storyboard; name = Base; path = Base.lproj/Main.storyboard; sourceTree = "<group>"; };
		BD86415A1AA4ED0C005B9639 /* Images.xcassets */ = {isa = PBXFileReference; lastKnownFileType = folder.assetcatalog; path = Images.xcassets; sourceTree = "<group>"; };
		BD86415D1AA4ED0C005B9639 /* Base */ = {isa = PBXFileReference; lastKnownFileType = file.xib; name = Base; path = Base.lproj/LaunchScreen.xib; sourceTree = "<group>"; };
		BD8641631AA4ED0C005B9639 /* MultithreadedProgrammingTests.xctest */ = {isa = PBXFileReference; explicitFileType = wrapper.cfbundle; includeInIndex = 0; path = MultithreadedProgrammingTests.xctest; sourceTree = BUILT_PRODUCTS_DIR; };
		BD8641681AA4ED0C005B9639 /* Info.plist */ = {isa = PBXFileReference; lastKnownFileType = text.plist.xml; path = Info.plist; sourceTree = "<group>"; };
		BD8641691AA4ED0C005B9639 /* MultithreadedProgrammingTests.m */ = {isa = PBXFileReference; lastKnownFileType = sourcecode.c.objc; path = MultithreadedProgrammingTests.m; sourceTree = "<group>"; };
		BD8641731AA4FB63005B9639 /* OperationViewController.h */ = {isa = PBXFileReference; fileEncoding = 4; lastKnownFileType = sourcecode.c.h; path = OperationViewController.h; sourceTree = "<group>"; };
		BD8641741AA4FB63005B9639 /* OperationViewController.m */ = {isa = PBXFileReference; fileEncoding = 4; lastKnownFileType = sourcecode.c.objc; path = OperationViewController.m; sourceTree = "<group>"; };
		BD8641761AA5001F005B9639 /* DownloadImageOperation.h */ = {isa = PBXFileReference; fileEncoding = 4; lastKnownFileType = sourcecode.c.h; path = DownloadImageOperation.h; sourceTree = "<group>"; };
		BD8641771AA5001F005B9639 /* DownloadImageOperation.m */ = {isa = PBXFileReference; fileEncoding = 4; lastKnownFileType = sourcecode.c.objc; path = DownloadImageOperation.m; sourceTree = "<group>"; };
		BD8641791AA512BA005B9639 /* DownloadImageOperationController.h */ = {isa = PBXFileReference; fileEncoding = 4; lastKnownFileType = sourcecode.c.h; path = DownloadImageOperationController.h; sourceTree = "<group>"; };
		BD86417A1AA512BA005B9639 /* DownloadImageOperationController.m */ = {isa = PBXFileReference; fileEncoding = 4; lastKnownFileType = sourcecode.c.objc; path = DownloadImageOperationController.m; sourceTree = "<group>"; };
		BD86417C1AA60E24005B9639 /* GCDViewController.h */ = {isa = PBXFileReference; fileEncoding = 4; lastKnownFileType = sourcecode.c.h; path = GCDViewController.h; sourceTree = "<group>"; };
		BD86417D1AA60E24005B9639 /* GCDViewController.m */ = {isa = PBXFileReference; fileEncoding = 4; lastKnownFileType = sourcecode.c.objc; path = GCDViewController.m; sourceTree = "<group>"; };
/* End PBXFileReference section */

/* Begin PBXFrameworksBuildPhase section */
		BD8641471AA4ED0C005B9639 /* Frameworks */ = {
			isa = PBXFrameworksBuildPhase;
			buildActionMask = 2147483647;
			files = (
			);
			runOnlyForDeploymentPostprocessing = 0;
		};
		BD8641601AA4ED0C005B9639 /* Frameworks */ = {
			isa = PBXFrameworksBuildPhase;
			buildActionMask = 2147483647;
			files = (
			);
			runOnlyForDeploymentPostprocessing = 0;
		};
/* End PBXFrameworksBuildPhase section */

/* Begin PBXGroup section */
		BD8641411AA4ED0C005B9639 = {
			isa = PBXGroup;
			children = (
				BD86414C1AA4ED0C005B9639 /* MultithreadedProgramming */,
				BD8641661AA4ED0C005B9639 /* MultithreadedProgrammingTests */,
				BD86414B1AA4ED0C005B9639 /* Products */,
			);
			sourceTree = "<group>";
		};
		BD86414B1AA4ED0C005B9639 /* Products */ = {
			isa = PBXGroup;
			children = (
				BD86414A1AA4ED0C005B9639 /* MultithreadedProgramming.app */,
				BD8641631AA4ED0C005B9639 /* MultithreadedProgrammingTests.xctest */,
			);
			name = Products;
			sourceTree = "<group>";
		};
		BD86414C1AA4ED0C005B9639 /* MultithreadedProgramming */ = {
			isa = PBXGroup;
			children = (
				BD8641511AA4ED0C005B9639 /* AppDelegate.h */,
				BD8641521AA4ED0C005B9639 /* AppDelegate.m */,
				BD8641541AA4ED0C005B9639 /* ViewController.h */,
				BD8641551AA4ED0C005B9639 /* ViewController.m */,
				BD8641731AA4FB63005B9639 /* OperationViewController.h */,
				BD8641741AA4FB63005B9639 /* OperationViewController.m */,
				BD8641791AA512BA005B9639 /* DownloadImageOperationController.h */,
				BD86417A1AA512BA005B9639 /* DownloadImageOperationController.m */,
				BD8641761AA5001F005B9639 /* DownloadImageOperation.h */,
				BD8641771AA5001F005B9639 /* DownloadImageOperation.m */,
				BD86417C1AA60E24005B9639 /* GCDViewController.h */,
				BD86417D1AA60E24005B9639 /* GCDViewController.m */,
				BD8641571AA4ED0C005B9639 /* Main.storyboard */,
				BD86415A1AA4ED0C005B9639 /* Images.xcassets */,
				BD86415C1AA4ED0C005B9639 /* LaunchScreen.xib */,
				BD86414D1AA4ED0C005B9639 /* Supporting Files */,
			);
			path = MultithreadedProgramming;
			sourceTree = "<group>";
		};
		BD86414D1AA4ED0C005B9639 /* Supporting Files */ = {
			isa = PBXGroup;
			children = (
				BD86414E1AA4ED0C005B9639 /* Info.plist */,
				BD86414F1AA4ED0C005B9639 /* main.m */,
			);
			name = "Supporting Files";
			sourceTree = "<group>";
		};
		BD8641661AA4ED0C005B9639 /* MultithreadedProgrammingTests */ = {
			isa = PBXGroup;
			children = (
				BD8641691AA4ED0C005B9639 /* MultithreadedProgrammingTests.m */,
				BD8641671AA4ED0C005B9639 /* Supporting Files */,
			);
			path = MultithreadedProgrammingTests;
			sourceTree = "<group>";
		};
		BD8641671AA4ED0C005B9639 /* Supporting Files */ = {
			isa = PBXGroup;
			children = (
				BD8641681AA4ED0C005B9639 /* Info.plist */,
			);
			name = "Supporting Files";
			sourceTree = "<group>";
		};
/* End PBXGroup section */

/* Begin PBXNativeTarget section */
		BD8641491AA4ED0C005B9639 /* MultithreadedProgramming */ = {
			isa = PBXNativeTarget;
			buildConfigurationList = BD86416D1AA4ED0C005B9639 /* Build configuration list for PBXNativeTarget "MultithreadedProgramming" */;
			buildPhases = (
				BD8641461AA4ED0C005B9639 /* Sources */,
				BD8641471AA4ED0C005B9639 /* Frameworks */,
				BD8641481AA4ED0C005B9639 /* Resources */,
			);
			buildRules = (
			);
			dependencies = (
			);
			name = MultithreadedProgramming;
			productName = MultithreadedProgramming;
			productReference = BD86414A1AA4ED0C005B9639 /* MultithreadedProgramming.app */;
			productType = "com.apple.product-type.application";
		};
		BD8641621AA4ED0C005B9639 /* MultithreadedProgrammingTests */ = {
			isa = PBXNativeTarget;
			buildConfigurationList = BD8641701AA4ED0C005B9639 /* Build configuration list for PBXNativeTarget "MultithreadedProgrammingTests" */;
			buildPhases = (
				BD86415F1AA4ED0C005B9639 /* Sources */,
				BD8641601AA4ED0C005B9639 /* Frameworks */,
				BD8641611AA4ED0C005B9639 /* Resources */,
			);
			buildRules = (
			);
			dependencies = (
				BD8641651AA4ED0C005B9639 /* PBXTargetDependency */,
			);
			name = MultithreadedProgrammingTests;
			productName = MultithreadedProgrammingTests;
			productReference = BD8641631AA4ED0C005B9639 /* MultithreadedProgrammingTests.xctest */;
			productType = "com.apple.product-type.bundle.unit-test";
		};
/* End PBXNativeTarget section */

/* Begin PBXProject section */
		BD8641421AA4ED0C005B9639 /* Project object */ = {
			isa = PBXProject;
			attributes = {
				LastUpgradeCheck = 0610;
				ORGANIZATIONNAME = JieYuanZhuang;
				TargetAttributes = {
					BD8641491AA4ED0C005B9639 = {
						CreatedOnToolsVersion = 6.1.1;
					};
					BD8641621AA4ED0C005B9639 = {
						CreatedOnToolsVersion = 6.1.1;
						TestTargetID = BD8641491AA4ED0C005B9639;
					};
				};
			};
			buildConfigurationList = BD8641451AA4ED0C005B9639 /* Build configuration list for PBXProject "MultithreadedProgramming" */;
			compatibilityVersion = "Xcode 3.2";
			developmentRegion = English;
			hasScannedForEncodings = 0;
			knownRegions = (
				en,
				Base,
			);
			mainGroup = BD8641411AA4ED0C005B9639;
			productRefGroup = BD86414B1AA4ED0C005B9639 /* Products */;
			projectDirPath = "";
			projectRoot = "";
			targets = (
				BD8641491AA4ED0C005B9639 /* MultithreadedProgramming */,
				BD8641621AA4ED0C005B9639 /* MultithreadedProgrammingTests */,
			);
		};
/* End PBXProject section */

/* Begin PBXResourcesBuildPhase section */
		BD8641481AA4ED0C005B9639 /* Resources */ = {
			isa = PBXResourcesBuildPhase;
			buildActionMask = 2147483647;
			files = (
				BD8641591AA4ED0C005B9639 /* Main.storyboard in Resources */,
				BD86415E1AA4ED0C005B9639 /* LaunchScreen.xib in Resources */,
				BD86415B1AA4ED0C005B9639 /* Images.xcassets in Resources */,
			);
			runOnlyForDeploymentPostprocessing = 0;
		};
		BD8641611AA4ED0C005B9639 /* Resources */ = {
			isa = PBXResourcesBuildPhase;
			buildActionMask = 2147483647;
			files = (
			);
			runOnlyForDeploymentPostprocessing = 0;
		};
/* End PBXResourcesBuildPhase section */

/* Begin PBXSourcesBuildPhase section */
		BD8641461AA4ED0C005B9639 /* Sources */ = {
			isa = PBXSourcesBuildPhase;
			buildActionMask = 2147483647;
			files = (
				BD8641751AA4FB63005B9639 /* OperationViewController.m in Sources */,
				BD86417B1AA512BA005B9639 /* DownloadImageOperationController.m in Sources */,
				BD8641561AA4ED0C005B9639 /* ViewController.m in Sources */,
				BD8641531AA4ED0C005B9639 /* AppDelegate.m in Sources */,
				BD86417E1AA60E24005B9639 /* GCDViewController.m in Sources */,
				BD8641781AA5001F005B9639 /* DownloadImageOperation.m in Sources */,
				BD8641501AA4ED0C005B9639 /* main.m in Sources */,
			);
			runOnlyForDeploymentPostprocessing = 0;
		};
		BD86415F1AA4ED0C005B9639 /* Sources */ = {
			isa = PBXSourcesBuildPhase;
			buildActionMask = 2147483647;
			files = (
				BD86416A1AA4ED0C005B9639 /* MultithreadedProgrammingTests.m in Sources */,
			);
			runOnlyForDeploymentPostprocessing = 0;
		};
/* End PBXSourcesBuildPhase section */

/* Begin PBXTargetDependency section */
		BD8641651AA4ED0C005B9639 /* PBXTargetDependency */ = {
			isa = PBXTargetDependency;
			target = BD8641491AA4ED0C005B9639 /* MultithreadedProgramming */;
			targetProxy = BD8641641AA4ED0C005B9639 /* PBXContainerItemProxy */;
		};
/* End PBXTargetDependency section */

/* Begin PBXVariantGroup section */
		BD8641571AA4ED0C005B9639 /* Main.storyboard */ = {
			isa = PBXVariantGroup;
			children = (
				BD8641581AA4ED0C005B9639 /* Base */,
			);
			name = Main.storyboard;
			sourceTree = "<group>";
		};
		BD86415C1AA4ED0C005B9639 /* LaunchScreen.xib */ = {
			isa = PBXVariantGroup;
			children = (
				BD86415D1AA4ED0C005B9639 /* Base */,
			);
			name = LaunchScreen.xib;
			sourceTree = "<group>";
		};
/* End PBXVariantGroup section */

/* Begin XCBuildConfiguration section */
		BD86416B1AA4ED0C005B9639 /* Debug */ = {
			isa = XCBuildConfiguration;
			buildSettings = {
				ALWAYS_SEARCH_USER_PATHS = NO;
				CLANG_CXX_LANGUAGE_STANDARD = "gnu++0x";
				CLANG_CXX_LIBRARY = "libc++";
				CLANG_ENABLE_MODULES = YES;
				CLANG_ENABLE_OBJC_ARC = YES;
				CLANG_WARN_BOOL_CONVERSION = YES;
				CLANG_WARN_CONSTANT_CONVERSION = YES;
				CLANG_WARN_DIRECT_OBJC_ISA_USAGE = YES_ERROR;
				CLANG_WARN_EMPTY_BODY = YES;
				CLANG_WARN_ENUM_CONVERSION = YES;
				CLANG_WARN_INT_CONVERSION = YES;
				CLANG_WARN_OBJC_ROOT_CLASS = YES_ERROR;
				CLANG_WARN_UNREACHABLE_CODE = YES;
				CLANG_WARN__DUPLICATE_METHOD_MATCH = YES;
				"CODE_SIGN_IDENTITY[sdk=iphoneos*]" = "iPhone Developer";
				COPY_PHASE_STRIP = NO;
				ENABLE_STRICT_OBJC_MSGSEND = YES;
				GCC_C_LANGUAGE_STANDARD = gnu99;
				GCC_DYNAMIC_NO_PIC = NO;
				GCC_OPTIMIZATION_LEVEL = 0;
				GCC_PREPROCESSOR_DEFINITIONS = (
					"DEBUG=1",
					"$(inherited)",
				);
				GCC_SYMBOLS_PRIVATE_EXTERN = NO;
				GCC_WARN_64_TO_32_BIT_CONVERSION = YES;
				GCC_WARN_ABOUT_RETURN_TYPE = YES_ERROR;
				GCC_WARN_UNDECLARED_SELECTOR = YES;
				GCC_WARN_UNINITIALIZED_AUTOS = YES_AGGRESSIVE;
				GCC_WARN_UNUSED_FUNCTION = YES;
				GCC_WARN_UNUSED_VARIABLE = YES;
				IPHONEOS_DEPLOYMENT_TARGET = 8.1;
				MTL_ENABLE_DEBUG_INFO = YES;
				ONLY_ACTIVE_ARCH = YES;
				SDKROOT = iphoneos;
			};
			name = Debug;
		};
		BD86416C1AA4ED0C005B9639 /* Release */ = {
			isa = XCBuildConfiguration;
			buildSettings = {
				ALWAYS_SEARCH_USER_PATHS = NO;
				CLANG_CXX_LANGUAGE_STANDARD = "gnu++0x";
				CLANG_CXX_LIBRARY = "libc++";
				CLANG_ENABLE_MODULES = YES;
				CLANG_ENABLE_OBJC_ARC = YES;
				CLANG_WARN_BOOL_CONVERSION = YES;
				CLANG_WARN_CONSTANT_CONVERSION = YES;
				CLANG_WARN_DIRECT_OBJC_ISA_USAGE = YES_ERROR;
				CLANG_WARN_EMPTY_BODY = YES;
				CLANG_WARN_ENUM_CONVERSION = YES;
				CLANG_WARN_INT_CONVERSION = YES;
				CLANG_WARN_OBJC_ROOT_CLASS = YES_ERROR;
				CLANG_WARN_UNREACHABLE_CODE = YES;
				CLANG_WARN__DUPLICATE_METHOD_MATCH = YES;
				"CODE_SIGN_IDENTITY[sdk=iphoneos*]" = "iPhone Developer";
				COPY_PHASE_STRIP = YES;
				ENABLE_NS_ASSERTIONS = NO;
				ENABLE_STRICT_OBJC_MSGSEND = YES;
				GCC_C_LANGUAGE_STANDARD = gnu99;
				GCC_WARN_64_TO_32_BIT_CONVERSION = YES;
				GCC_WARN_ABOUT_RETURN_TYPE = YES_ERROR;
				GCC_WARN_UNDECLARED_SELECTOR = YES;
				GCC_WARN_UNINITIALIZED_AUTOS = YES_AGGRESSIVE;
				GCC_WARN_UNUSED_FUNCTION = YES;
				GCC_WARN_UNUSED_VARIABLE = YES;
				IPHONEOS_DEPLOYMENT_TARGET = 8.1;
				MTL_ENABLE_DEBUG_INFO = NO;
				SDKROOT = iphoneos;
				VALIDATE_PRODUCT = YES;
			};
			name = Release;
		};
		BD86416E1AA4ED0C005B9639 /* Debug */ = {
			isa = XCBuildConfiguration;
			buildSettings = {
				ASSETCATALOG_COMPILER_APPICON_NAME = AppIcon;
				INFOPLIST_FILE = MultithreadedProgramming/Info.plist;
				LD_RUNPATH_SEARCH_PATHS = "$(inherited) @executable_path/Frameworks";
				PRODUCT_NAME = "$(TARGET_NAME)";
			};
			name = Debug;
		};
		BD86416F1AA4ED0C005B9639 /* Release */ = {
			isa = XCBuildConfiguration;
			buildSettings = {
				ASSETCATALOG_COMPILER_APPICON_NAME = AppIcon;
				INFOPLIST_FILE = MultithreadedProgramming/Info.plist;
				LD_RUNPATH_SEARCH_PATHS = "$(inherited) @executable_path/Frameworks";
				PRODUCT_NAME = "$(TARGET_NAME)";
			};
			name = Release;
		};
		BD8641711AA4ED0C005B9639 /* Debug */ = {
			isa = XCBuildConfiguration;
			buildSettings = {
				BUNDLE_LOADER = "$(TEST_HOST)";
				FRAMEWORK_SEARCH_PATHS = (
					"$(SDKROOT)/Developer/Library/Frameworks",
					"$(inherited)",
				);
				GCC_PREPROCESSOR_DEFINITIONS = (
					"DEBUG=1",
					"$(inherited)",
				);
				INFOPLIST_FILE = MultithreadedProgrammingTests/Info.plist;
				LD_RUNPATH_SEARCH_PATHS = "$(inherited) @executable_path/Frameworks @loader_path/Frameworks";
				PRODUCT_NAME = "$(TARGET_NAME)";
				TEST_HOST = "$(BUILT_PRODUCTS_DIR)/MultithreadedProgramming.app/MultithreadedProgramming";
			};
			name = Debug;
		};
		BD8641721AA4ED0C005B9639 /* Release */ = {
			isa = XCBuildConfiguration;
			buildSettings = {
				BUNDLE_LOADER = "$(TEST_HOST)";
				FRAMEWORK_SEARCH_PATHS = (
					"$(SDKROOT)/Developer/Library/Frameworks",
					"$(inherited)",
				);
				INFOPLIST_FILE = MultithreadedProgrammingTests/Info.plist;
				LD_RUNPATH_SEARCH_PATHS = "$(inherited) @executable_path/Frameworks @loader_path/Frameworks";
				PRODUCT_NAME = "$(TARGET_NAME)";
				TEST_HOST = "$(BUILT_PRODUCTS_DIR)/MultithreadedProgramming.app/MultithreadedProgramming";
			};
			name = Release;
		};
/* End XCBuildConfiguration section */

/* Begin XCConfigurationList section */
		BD8641451AA4ED0C005B9639 /* Build configuration list for PBXProject "MultithreadedProgramming" */ = {
			isa = XCConfigurationList;
			buildConfigurations = (
				BD86416B1AA4ED0C005B9639 /* Debug */,
				BD86416C1AA4ED0C005B9639 /* Release */,
			);
			defaultConfigurationIsVisible = 0;
			defaultConfigurationName = Release;
		};
		BD86416D1AA4ED0C005B9639 /* Build configuration list for PBXNativeTarget "MultithreadedProgramming" */ = {
			isa = XCConfigurationList;
			buildConfigurations = (
				BD86416E1AA4ED0C005B9639 /* Debug */,
				BD86416F1AA4ED0C005B9639 /* Release */,
			);
			defaultConfigurationIsVisible = 0;
		};
		BD8641701AA4ED0C005B9639 /* Build configuration list for PBXNativeTarget "MultithreadedProgrammingTests" */ = {
			isa = XCConfigurationList;
			buildConfigurations = (
				BD8641711AA4ED0C005B9639 /* Debug */,
				BD8641721AA4ED0C005B9639 /* Release */,
			);
			defaultConfigurationIsVisible = 0;
		};
/* End XCConfigurationList section */
	};
	rootObject = BD8641421AA4ED0C005B9639 /* Project object */;
}
