// !$*UTF8*$!
{
	archiveVersion = 1;
	classes = {
	};
	objectVersion = 46;
	objects = {

/* Begin PBXBuildFile section */
		BD44F04D1AB2DC9B001128D7 /* FaceView.m in Sources */ = {isa = PBXBuildFile; fileRef = BD44F04C1AB2DC9B001128D7 /* FaceView.m */; };
		BD44F0501AB2DCD7001128D7 /* FaceViewController.m in Sources */ = {isa = PBXBuildFile; fileRef = BD44F04F1AB2DCD7001128D7 /* FaceViewController.m */; };
		BD5168EA1AB1B56E00A40BC6 /* main.m in Sources */ = {isa = PBXBuildFile; fileRef = BD5168E91AB1B56E00A40BC6 /* main.m */; };
		BD5168ED1AB1B56E00A40BC6 /* AppDelegate.m in Sources */ = {isa = PBXBuildFile; fileRef = BD5168EC1AB1B56E00A40BC6 /* AppDelegate.m */; };
		BD5168F01AB1B56E00A40BC6 /* ViewController.m in Sources */ = {isa = PBXBuildFile; fileRef = BD5168EF1AB1B56E00A40BC6 /* ViewController.m */; };
		BD5168F31AB1B56E00A40BC6 /* Main.storyboard in Resources */ = {isa = PBXBuildFile; fileRef = BD5168F11AB1B56E00A40BC6 /* Main.storyboard */; };
		BD5168F51AB1B56E00A40BC6 /* Images.xcassets in Resources */ = {isa = PBXBuildFile; fileRef = BD5168F41AB1B56E00A40BC6 /* Images.xcassets */; };
		BD5168F81AB1B56E00A40BC6 /* LaunchScreen.xib in Resources */ = {isa = PBXBuildFile; fileRef = BD5168F61AB1B56E00A40BC6 /* LaunchScreen.xib */; };
		BD5169041AB1B56E00A40BC6 /* DrawingDemoTests.m in Sources */ = {isa = PBXBuildFile; fileRef = BD5169031AB1B56E00A40BC6 /* DrawingDemoTests.m */; };
		BD51690F1AB1B5AA00A40BC6 /* RectView.m in Sources */ = {isa = PBXBuildFile; fileRef = BD51690E1AB1B5AA00A40BC6 /* RectView.m */; };
		BD5169121AB1B67B00A40BC6 /* RetangleView.m in Sources */ = {isa = PBXBuildFile; fileRef = BD5169111AB1B67B00A40BC6 /* RetangleView.m */; };
		BD5169151AB1BB2B00A40BC6 /* FlowerView.m in Sources */ = {isa = PBXBuildFile; fileRef = BD5169141AB1BB2B00A40BC6 /* FlowerView.m */; };
		BD5169181AB1D5E700A40BC6 /* QuadCurveView.m in Sources */ = {isa = PBXBuildFile; fileRef = BD5169171AB1D5E700A40BC6 /* QuadCurveView.m */; };
		BD51691B1AB1D95D00A40BC6 /* CurveView.m in Sources */ = {isa = PBXBuildFile; fileRef = BD51691A1AB1D95D00A40BC6 /* CurveView.m */; };
		BD51691E1AB1DE0300A40BC6 /* CircleView.m in Sources */ = {isa = PBXBuildFile; fileRef = BD51691D1AB1DE0300A40BC6 /* CircleView.m */; };
/* End PBXBuildFile section */

/* Begin PBXContainerItemProxy section */
		BD5168FE1AB1B56E00A40BC6 /* PBXContainerItemProxy */ = {
			isa = PBXContainerItemProxy;
			containerPortal = BD5168DC1AB1B56E00A40BC6 /* Project object */;
			proxyType = 1;
			remoteGlobalIDString = BD5168E31AB1B56E00A40BC6;
			remoteInfo = DrawingDemo;
		};
/* End PBXContainerItemProxy section */

/* Begin PBXFileReference section */
		BD44F04B1AB2DC9B001128D7 /* FaceView.h */ = {isa = PBXFileReference; fileEncoding = 4; lastKnownFileType = sourcecode.c.h; path = FaceView.h; sourceTree = "<group>"; };
		BD44F04C1AB2DC9B001128D7 /* FaceView.m */ = {isa = PBXFileReference; fileEncoding = 4; lastKnownFileType = sourcecode.c.objc; path = FaceView.m; sourceTree = "<group>"; };
		BD44F04E1AB2DCD7001128D7 /* FaceViewController.h */ = {isa = PBXFileReference; fileEncoding = 4; lastKnownFileType = sourcecode.c.h; path = FaceViewController.h; sourceTree = "<group>"; };
		BD44F04F1AB2DCD7001128D7 /* FaceViewController.m */ = {isa = PBXFileReference; fileEncoding = 4; lastKnownFileType = sourcecode.c.objc; path = FaceViewController.m; sourceTree = "<group>"; };
		BD5168E41AB1B56E00A40BC6 /* DrawingDemo.app */ = {isa = PBXFileReference; explicitFileType = wrapper.application; includeInIndex = 0; path = DrawingDemo.app; sourceTree = BUILT_PRODUCTS_DIR; };
		BD5168E81AB1B56E00A40BC6 /* Info.plist */ = {isa = PBXFileReference; lastKnownFileType = text.plist.xml; path = Info.plist; sourceTree = "<group>"; };
		BD5168E91AB1B56E00A40BC6 /* main.m */ = {isa = PBXFileReference; lastKnownFileType = sourcecode.c.objc; path = main.m; sourceTree = "<group>"; };
		BD5168EB1AB1B56E00A40BC6 /* AppDelegate.h */ = {isa = PBXFileReference; lastKnownFileType = sourcecode.c.h; path = AppDelegate.h; sourceTree = "<group>"; };
		BD5168EC1AB1B56E00A40BC6 /* AppDelegate.m */ = {isa = PBXFileReference; lastKnownFileType = sourcecode.c.objc; path = AppDelegate.m; sourceTree = "<group>"; };
		BD5168EE1AB1B56E00A40BC6 /* ViewController.h */ = {isa = PBXFileReference; lastKnownFileType = sourcecode.c.h; path = ViewController.h; sourceTree = "<group>"; };
		BD5168EF1AB1B56E00A40BC6 /* ViewController.m */ = {isa = PBXFileReference; lastKnownFileType = sourcecode.c.objc; path = ViewController.m; sourceTree = "<group>"; };
		BD5168F21AB1B56E00A40BC6 /* Base */ = {isa = PBXFileReference; lastKnownFileType = file.storyboard; name = Base; path = Base.lproj/Main.storyboard; sourceTree = "<group>"; };
		BD5168F41AB1B56E00A40BC6 /* Images.xcassets */ = {isa = PBXFileReference; lastKnownFileType = folder.assetcatalog; path = Images.xcassets; sourceTree = "<group>"; };
		BD5168F71AB1B56E00A40BC6 /* Base */ = {isa = PBXFileReference; lastKnownFileType = file.xib; name = Base; path = Base.lproj/LaunchScreen.xib; sourceTree = "<group>"; };
		BD5168FD1AB1B56E00A40BC6 /* DrawingDemoTests.xctest */ = {isa = PBXFileReference; explicitFileType = wrapper.cfbundle; includeInIndex = 0; path = DrawingDemoTests.xctest; sourceTree = BUILT_PRODUCTS_DIR; };
		BD5169021AB1B56E00A40BC6 /* Info.plist */ = {isa = PBXFileReference; lastKnownFileType = text.plist.xml; path = Info.plist; sourceTree = "<group>"; };
		BD5169031AB1B56E00A40BC6 /* DrawingDemoTests.m */ = {isa = PBXFileReference; lastKnownFileType = sourcecode.c.objc; path = DrawingDemoTests.m; sourceTree = "<group>"; };
		BD51690D1AB1B5AA00A40BC6 /* RectView.h */ = {isa = PBXFileReference; fileEncoding = 4; lastKnownFileType = sourcecode.c.h; path = RectView.h; sourceTree = "<group>"; };
		BD51690E1AB1B5AA00A40BC6 /* RectView.m */ = {isa = PBXFileReference; fileEncoding = 4; lastKnownFileType = sourcecode.c.objc; path = RectView.m; sourceTree = "<group>"; };
		BD5169101AB1B67B00A40BC6 /* RetangleView.h */ = {isa = PBXFileReference; fileEncoding = 4; lastKnownFileType = sourcecode.c.h; path = RetangleView.h; sourceTree = "<group>"; };
		BD5169111AB1B67B00A40BC6 /* RetangleView.m */ = {isa = PBXFileReference; fileEncoding = 4; lastKnownFileType = sourcecode.c.objc; path = RetangleView.m; sourceTree = "<group>"; };
		BD5169131AB1BB2B00A40BC6 /* FlowerView.h */ = {isa = PBXFileReference; fileEncoding = 4; lastKnownFileType = sourcecode.c.h; path = FlowerView.h; sourceTree = "<group>"; };
		BD5169141AB1BB2B00A40BC6 /* FlowerView.m */ = {isa = PBXFileReference; fileEncoding = 4; lastKnownFileType = sourcecode.c.objc; path = FlowerView.m; sourceTree = "<group>"; };
		BD5169161AB1D5E700A40BC6 /* QuadCurveView.h */ = {isa = PBXFileReference; fileEncoding = 4; lastKnownFileType = sourcecode.c.h; path = QuadCurveView.h; sourceTree = "<group>"; };
		BD5169171AB1D5E700A40BC6 /* QuadCurveView.m */ = {isa = PBXFileReference; fileEncoding = 4; lastKnownFileType = sourcecode.c.objc; path = QuadCurveView.m; sourceTree = "<group>"; };
		BD5169191AB1D95D00A40BC6 /* CurveView.h */ = {isa = PBXFileReference; fileEncoding = 4; lastKnownFileType = sourcecode.c.h; path = CurveView.h; sourceTree = "<group>"; };
		BD51691A1AB1D95D00A40BC6 /* CurveView.m */ = {isa = PBXFileReference; fileEncoding = 4; lastKnownFileType = sourcecode.c.objc; path = CurveView.m; sourceTree = "<group>"; };
		BD51691C1AB1DE0300A40BC6 /* CircleView.h */ = {isa = PBXFileReference; fileEncoding = 4; lastKnownFileType = sourcecode.c.h; path = CircleView.h; sourceTree = "<group>"; };
		BD51691D1AB1DE0300A40BC6 /* CircleView.m */ = {isa = PBXFileReference; fileEncoding = 4; lastKnownFileType = sourcecode.c.objc; path = CircleView.m; sourceTree = "<group>"; };
/* End PBXFileReference section */

/* Begin PBXFrameworksBuildPhase section */
		BD5168E11AB1B56E00A40BC6 /* Frameworks */ = {
			isa = PBXFrameworksBuildPhase;
			buildActionMask = 2147483647;
			files = (
			);
			runOnlyForDeploymentPostprocessing = 0;
		};
		BD5168FA1AB1B56E00A40BC6 /* Frameworks */ = {
			isa = PBXFrameworksBuildPhase;
			buildActionMask = 2147483647;
			files = (
			);
			runOnlyForDeploymentPostprocessing = 0;
		};
/* End PBXFrameworksBuildPhase section */

/* Begin PBXGroup section */
		BD5168DB1AB1B56E00A40BC6 = {
			isa = PBXGroup;
			children = (
				BD5168E61AB1B56E00A40BC6 /* DrawingDemo */,
				BD5169001AB1B56E00A40BC6 /* DrawingDemoTests */,
				BD5168E51AB1B56E00A40BC6 /* Products */,
			);
			sourceTree = "<group>";
		};
		BD5168E51AB1B56E00A40BC6 /* Products */ = {
			isa = PBXGroup;
			children = (
				BD5168E41AB1B56E00A40BC6 /* DrawingDemo.app */,
				BD5168FD1AB1B56E00A40BC6 /* DrawingDemoTests.xctest */,
			);
			name = Products;
			sourceTree = "<group>";
		};
		BD5168E61AB1B56E00A40BC6 /* DrawingDemo */ = {
			isa = PBXGroup;
			children = (
				BD5168EB1AB1B56E00A40BC6 /* AppDelegate.h */,
				BD5168EC1AB1B56E00A40BC6 /* AppDelegate.m */,
				BD5168EE1AB1B56E00A40BC6 /* ViewController.h */,
				BD5168EF1AB1B56E00A40BC6 /* ViewController.m */,
				BD51690D1AB1B5AA00A40BC6 /* RectView.h */,
				BD51690E1AB1B5AA00A40BC6 /* RectView.m */,
				BD5169101AB1B67B00A40BC6 /* RetangleView.h */,
				BD5169111AB1B67B00A40BC6 /* RetangleView.m */,
				BD51691C1AB1DE0300A40BC6 /* CircleView.h */,
				BD51691D1AB1DE0300A40BC6 /* CircleView.m */,
				BD5169161AB1D5E700A40BC6 /* QuadCurveView.h */,
				BD5169171AB1D5E700A40BC6 /* QuadCurveView.m */,
				BD5169191AB1D95D00A40BC6 /* CurveView.h */,
				BD51691A1AB1D95D00A40BC6 /* CurveView.m */,
				BD5169131AB1BB2B00A40BC6 /* FlowerView.h */,
				BD5169141AB1BB2B00A40BC6 /* FlowerView.m */,
				BD5168F11AB1B56E00A40BC6 /* Main.storyboard */,
				BD44F04E1AB2DCD7001128D7 /* FaceViewController.h */,
				BD44F04F1AB2DCD7001128D7 /* FaceViewController.m */,
				BD44F04B1AB2DC9B001128D7 /* FaceView.h */,
				BD44F04C1AB2DC9B001128D7 /* FaceView.m */,
				BD5168F41AB1B56E00A40BC6 /* Images.xcassets */,
				BD5168F61AB1B56E00A40BC6 /* LaunchScreen.xib */,
				BD5168E71AB1B56E00A40BC6 /* Supporting Files */,
			);
			path = DrawingDemo;
			sourceTree = "<group>";
		};
		BD5168E71AB1B56E00A40BC6 /* Supporting Files */ = {
			isa = PBXGroup;
			children = (
				BD5168E81AB1B56E00A40BC6 /* Info.plist */,
				BD5168E91AB1B56E00A40BC6 /* main.m */,
			);
			name = "Supporting Files";
			sourceTree = "<group>";
		};
		BD5169001AB1B56E00A40BC6 /* DrawingDemoTests */ = {
			isa = PBXGroup;
			children = (
				BD5169031AB1B56E00A40BC6 /* DrawingDemoTests.m */,
				BD5169011AB1B56E00A40BC6 /* Supporting Files */,
			);
			path = DrawingDemoTests;
			sourceTree = "<group>";
		};
		BD5169011AB1B56E00A40BC6 /* Supporting Files */ = {
			isa = PBXGroup;
			children = (
				BD5169021AB1B56E00A40BC6 /* Info.plist */,
			);
			name = "Supporting Files";
			sourceTree = "<group>";
		};
/* End PBXGroup section */

/* Begin PBXNativeTarget section */
		BD5168E31AB1B56E00A40BC6 /* DrawingDemo */ = {
			isa = PBXNativeTarget;
			buildConfigurationList = BD5169071AB1B56E00A40BC6 /* Build configuration list for PBXNativeTarget "DrawingDemo" */;
			buildPhases = (
				BD5168E01AB1B56E00A40BC6 /* Sources */,
				BD5168E11AB1B56E00A40BC6 /* Frameworks */,
				BD5168E21AB1B56E00A40BC6 /* Resources */,
			);
			buildRules = (
			);
			dependencies = (
			);
			name = DrawingDemo;
			productName = DrawingDemo;
			productReference = BD5168E41AB1B56E00A40BC6 /* DrawingDemo.app */;
			productType = "com.apple.product-type.application";
		};
		BD5168FC1AB1B56E00A40BC6 /* DrawingDemoTests */ = {
			isa = PBXNativeTarget;
			buildConfigurationList = BD51690A1AB1B56E00A40BC6 /* Build configuration list for PBXNativeTarget "DrawingDemoTests" */;
			buildPhases = (
				BD5168F91AB1B56E00A40BC6 /* Sources */,
				BD5168FA1AB1B56E00A40BC6 /* Frameworks */,
				BD5168FB1AB1B56E00A40BC6 /* Resources */,
			);
			buildRules = (
			);
			dependencies = (
				BD5168FF1AB1B56E00A40BC6 /* PBXTargetDependency */,
			);
			name = DrawingDemoTests;
			productName = DrawingDemoTests;
			productReference = BD5168FD1AB1B56E00A40BC6 /* DrawingDemoTests.xctest */;
			productType = "com.apple.product-type.bundle.unit-test";
		};
/* End PBXNativeTarget section */

/* Begin PBXProject section */
		BD5168DC1AB1B56E00A40BC6 /* Project object */ = {
			isa = PBXProject;
			attributes = {
				LastUpgradeCheck = 0620;
				ORGANIZATIONNAME = JieYuanZhuang;
				TargetAttributes = {
					BD5168E31AB1B56E00A40BC6 = {
						CreatedOnToolsVersion = 6.2;
					};
					BD5168FC1AB1B56E00A40BC6 = {
						CreatedOnToolsVersion = 6.2;
						TestTargetID = BD5168E31AB1B56E00A40BC6;
					};
				};
			};
			buildConfigurationList = BD5168DF1AB1B56E00A40BC6 /* Build configuration list for PBXProject "DrawingDemo" */;
			compatibilityVersion = "Xcode 3.2";
			developmentRegion = English;
			hasScannedForEncodings = 0;
			knownRegions = (
				en,
				Base,
			);
			mainGroup = BD5168DB1AB1B56E00A40BC6;
			productRefGroup = BD5168E51AB1B56E00A40BC6 /* Products */;
			projectDirPath = "";
			projectRoot = "";
			targets = (
				BD5168E31AB1B56E00A40BC6 /* DrawingDemo */,
				BD5168FC1AB1B56E00A40BC6 /* DrawingDemoTests */,
			);
		};
/* End PBXProject section */

/* Begin PBXResourcesBuildPhase section */
		BD5168E21AB1B56E00A40BC6 /* Resources */ = {
			isa = PBXResourcesBuildPhase;
			buildActionMask = 2147483647;
			files = (
				BD5168F31AB1B56E00A40BC6 /* Main.storyboard in Resources */,
				BD5168F81AB1B56E00A40BC6 /* LaunchScreen.xib in Resources */,
				BD5168F51AB1B56E00A40BC6 /* Images.xcassets in Resources */,
			);
			runOnlyForDeploymentPostprocessing = 0;
		};
		BD5168FB1AB1B56E00A40BC6 /* Resources */ = {
			isa = PBXResourcesBuildPhase;
			buildActionMask = 2147483647;
			files = (
			);
			runOnlyForDeploymentPostprocessing = 0;
		};
/* End PBXResourcesBuildPhase section */

/* Begin PBXSourcesBuildPhase section */
		BD5168E01AB1B56E00A40BC6 /* Sources */ = {
			isa = PBXSourcesBuildPhase;
			buildActionMask = 2147483647;
			files = (
				BD5168F01AB1B56E00A40BC6 /* ViewController.m in Sources */,
				BD5168ED1AB1B56E00A40BC6 /* AppDelegate.m in Sources */,
				BD51691E1AB1DE0300A40BC6 /* CircleView.m in Sources */,
				BD44F0501AB2DCD7001128D7 /* FaceViewController.m in Sources */,
				BD5169121AB1B67B00A40BC6 /* RetangleView.m in Sources */,
				BD51690F1AB1B5AA00A40BC6 /* RectView.m in Sources */,
				BD5168EA1AB1B56E00A40BC6 /* main.m in Sources */,
				BD5169181AB1D5E700A40BC6 /* QuadCurveView.m in Sources */,
				BD44F04D1AB2DC9B001128D7 /* FaceView.m in Sources */,
				BD51691B1AB1D95D00A40BC6 /* CurveView.m in Sources */,
				BD5169151AB1BB2B00A40BC6 /* FlowerView.m in Sources */,
			);
			runOnlyForDeploymentPostprocessing = 0;
		};
		BD5168F91AB1B56E00A40BC6 /* Sources */ = {
			isa = PBXSourcesBuildPhase;
			buildActionMask = 2147483647;
			files = (
				BD5169041AB1B56E00A40BC6 /* DrawingDemoTests.m in Sources */,
			);
			runOnlyForDeploymentPostprocessing = 0;
		};
/* End PBXSourcesBuildPhase section */

/* Begin PBXTargetDependency section */
		BD5168FF1AB1B56E00A40BC6 /* PBXTargetDependency */ = {
			isa = PBXTargetDependency;
			target = BD5168E31AB1B56E00A40BC6 /* DrawingDemo */;
			targetProxy = BD5168FE1AB1B56E00A40BC6 /* PBXContainerItemProxy */;
		};
/* End PBXTargetDependency section */

/* Begin PBXVariantGroup section */
		BD5168F11AB1B56E00A40BC6 /* Main.storyboard */ = {
			isa = PBXVariantGroup;
			children = (
				BD5168F21AB1B56E00A40BC6 /* Base */,
			);
			name = Main.storyboard;
			sourceTree = "<group>";
		};
		BD5168F61AB1B56E00A40BC6 /* LaunchScreen.xib */ = {
			isa = PBXVariantGroup;
			children = (
				BD5168F71AB1B56E00A40BC6 /* Base */,
			);
			name = LaunchScreen.xib;
			sourceTree = "<group>";
		};
/* End PBXVariantGroup section */

/* Begin XCBuildConfiguration section */
		BD5169051AB1B56E00A40BC6 /* Debug */ = {
			isa = XCBuildConfiguration;
			buildSettings = {
				ALWAYS_SEARCH_USER_PATHS = NO;
				CLANG_CXX_LANGUAGE_STANDARD = "gnu++0x";
				CLANG_CXX_LIBRARY = "libc++";
				CLANG_ENABLE_MODULES = YES;
				CLANG_ENABLE_OBJC_ARC = YES;
				CLANG_WARN_BOOL_CONVERSION = YES;
				CLANG_WARN_CONSTANT_CONVERSION = YES;
				CLANG_WARN_DIRECT_OBJC_ISA_USAGE = YES_ERROR;
				CLANG_WARN_EMPTY_BODY = YES;
				CLANG_WARN_ENUM_CONVERSION = YES;
				CLANG_WARN_INT_CONVERSION = YES;
				CLANG_WARN_OBJC_ROOT_CLASS = YES_ERROR;
				CLANG_WARN_UNREACHABLE_CODE = YES;
				CLANG_WARN__DUPLICATE_METHOD_MATCH = YES;
				"CODE_SIGN_IDENTITY[sdk=iphoneos*]" = "iPhone Developer";
				COPY_PHASE_STRIP = NO;
				ENABLE_STRICT_OBJC_MSGSEND = YES;
				GCC_C_LANGUAGE_STANDARD = gnu99;
				GCC_DYNAMIC_NO_PIC = NO;
				GCC_OPTIMIZATION_LEVEL = 0;
				GCC_PREPROCESSOR_DEFINITIONS = (
					"DEBUG=1",
					"$(inherited)",
				);
				GCC_SYMBOLS_PRIVATE_EXTERN = NO;
				GCC_WARN_64_TO_32_BIT_CONVERSION = YES;
				GCC_WARN_ABOUT_RETURN_TYPE = YES_ERROR;
				GCC_WARN_UNDECLARED_SELECTOR = YES;
				GCC_WARN_UNINITIALIZED_AUTOS = YES_AGGRESSIVE;
				GCC_WARN_UNUSED_FUNCTION = YES;
				GCC_WARN_UNUSED_VARIABLE = YES;
				IPHONEOS_DEPLOYMENT_TARGET = 8.2;
				MTL_ENABLE_DEBUG_INFO = YES;
				ONLY_ACTIVE_ARCH = YES;
				SDKROOT = iphoneos;
			};
			name = Debug;
		};
		BD5169061AB1B56E00A40BC6 /* Release */ = {
			isa = XCBuildConfiguration;
			buildSettings = {
				ALWAYS_SEARCH_USER_PATHS = NO;
				CLANG_CXX_LANGUAGE_STANDARD = "gnu++0x";
				CLANG_CXX_LIBRARY = "libc++";
				CLANG_ENABLE_MODULES = YES;
				CLANG_ENABLE_OBJC_ARC = YES;
				CLANG_WARN_BOOL_CONVERSION = YES;
				CLANG_WARN_CONSTANT_CONVERSION = YES;
				CLANG_WARN_DIRECT_OBJC_ISA_USAGE = YES_ERROR;
				CLANG_WARN_EMPTY_BODY = YES;
				CLANG_WARN_ENUM_CONVERSION = YES;
				CLANG_WARN_INT_CONVERSION = YES;
				CLANG_WARN_OBJC_ROOT_CLASS = YES_ERROR;
				CLANG_WARN_UNREACHABLE_CODE = YES;
				CLANG_WARN__DUPLICATE_METHOD_MATCH = YES;
				"CODE_SIGN_IDENTITY[sdk=iphoneos*]" = "iPhone Developer";
				COPY_PHASE_STRIP = NO;
				ENABLE_NS_ASSERTIONS = NO;
				ENABLE_STRICT_OBJC_MSGSEND = YES;
				GCC_C_LANGUAGE_STANDARD = gnu99;
				GCC_WARN_64_TO_32_BIT_CONVERSION = YES;
				GCC_WARN_ABOUT_RETURN_TYPE = YES_ERROR;
				GCC_WARN_UNDECLARED_SELECTOR = YES;
				GCC_WARN_UNINITIALIZED_AUTOS = YES_AGGRESSIVE;
				GCC_WARN_UNUSED_FUNCTION = YES;
				GCC_WARN_UNUSED_VARIABLE = YES;
				IPHONEOS_DEPLOYMENT_TARGET = 8.2;
				MTL_ENABLE_DEBUG_INFO = NO;
				SDKROOT = iphoneos;
				VALIDATE_PRODUCT = YES;
			};
			name = Release;
		};
		BD5169081AB1B56E00A40BC6 /* Debug */ = {
			isa = XCBuildConfiguration;
			buildSettings = {
				ASSETCATALOG_COMPILER_APPICON_NAME = AppIcon;
				INFOPLIST_FILE = DrawingDemo/Info.plist;
				LD_RUNPATH_SEARCH_PATHS = "$(inherited) @executable_path/Frameworks";
				PRODUCT_NAME = "$(TARGET_NAME)";
			};
			name = Debug;
		};
		BD5169091AB1B56E00A40BC6 /* Release */ = {
			isa = XCBuildConfiguration;
			buildSettings = {
				ASSETCATALOG_COMPILER_APPICON_NAME = AppIcon;
				INFOPLIST_FILE = DrawingDemo/Info.plist;
				LD_RUNPATH_SEARCH_PATHS = "$(inherited) @executable_path/Frameworks";
				PRODUCT_NAME = "$(TARGET_NAME)";
			};
			name = Release;
		};
		BD51690B1AB1B56E00A40BC6 /* Debug */ = {
			isa = XCBuildConfiguration;
			buildSettings = {
				BUNDLE_LOADER = "$(TEST_HOST)";
				FRAMEWORK_SEARCH_PATHS = (
					"$(SDKROOT)/Developer/Library/Frameworks",
					"$(inherited)",
				);
				GCC_PREPROCESSOR_DEFINITIONS = (
					"DEBUG=1",
					"$(inherited)",
				);
				INFOPLIST_FILE = DrawingDemoTests/Info.plist;
				LD_RUNPATH_SEARCH_PATHS = "$(inherited) @executable_path/Frameworks @loader_path/Frameworks";
				PRODUCT_NAME = "$(TARGET_NAME)";
				TEST_HOST = "$(BUILT_PRODUCTS_DIR)/DrawingDemo.app/DrawingDemo";
			};
			name = Debug;
		};
		BD51690C1AB1B56E00A40BC6 /* Release */ = {
			isa = XCBuildConfiguration;
			buildSettings = {
				BUNDLE_LOADER = "$(TEST_HOST)";
				FRAMEWORK_SEARCH_PATHS = (
					"$(SDKROOT)/Developer/Library/Frameworks",
					"$(inherited)",
				);
				INFOPLIST_FILE = DrawingDemoTests/Info.plist;
				LD_RUNPATH_SEARCH_PATHS = "$(inherited) @executable_path/Frameworks @loader_path/Frameworks";
				PRODUCT_NAME = "$(TARGET_NAME)";
				TEST_HOST = "$(BUILT_PRODUCTS_DIR)/DrawingDemo.app/DrawingDemo";
			};
			name = Release;
		};
/* End XCBuildConfiguration section */

/* Begin XCConfigurationList section */
		BD5168DF1AB1B56E00A40BC6 /* Build configuration list for PBXProject "DrawingDemo" */ = {
			isa = XCConfigurationList;
			buildConfigurations = (
				BD5169051AB1B56E00A40BC6 /* Debug */,
				BD5169061AB1B56E00A40BC6 /* Release */,
			);
			defaultConfigurationIsVisible = 0;
			defaultConfigurationName = Release;
		};
		BD5169071AB1B56E00A40BC6 /* Build configuration list for PBXNativeTarget "DrawingDemo" */ = {
			isa = XCConfigurationList;
			buildConfigurations = (
				BD5169081AB1B56E00A40BC6 /* Debug */,
				BD5169091AB1B56E00A40BC6 /* Release */,
			);
			defaultConfigurationIsVisible = 0;
			defaultConfigurationName = Release;
		};
		BD51690A1AB1B56E00A40BC6 /* Build configuration list for PBXNativeTarget "DrawingDemoTests" */ = {
			isa = XCConfigurationList;
			buildConfigurations = (
				BD51690B1AB1B56E00A40BC6 /* Debug */,
				BD51690C1AB1B56E00A40BC6 /* Release */,
			);
			defaultConfigurationIsVisible = 0;
			defaultConfigurationName = Release;
		};
/* End XCConfigurationList section */
	};
	rootObject = BD5168DC1AB1B56E00A40BC6 /* Project object */;
}
