// !$*UTF8*$!
{
	archiveVersion = 1;
	classes = {
	};
	objectVersion = 50;
	objects = {

/* Begin PBXBuildFile section */
		5231174A224220BB009DA11E /* AppDelegate.swift in Sources */ = {isa = PBXBuildFile; fileRef = 52311749224220BB009DA11E /* AppDelegate.swift */; };
		5231174C224220BB009DA11E /* ViewController.swift in Sources */ = {isa = PBXBuildFile; fileRef = 5231174B224220BB009DA11E /* ViewController.swift */; };
		5231174F224220BB009DA11E /* Main.storyboard in Resources */ = {isa = PBXBuildFile; fileRef = 5231174D224220BB009DA11E /* Main.storyboard */; };
		52311751224220BC009DA11E /* Assets.xcassets in Resources */ = {isa = PBXBuildFile; fileRef = 52311750224220BC009DA11E /* Assets.xcassets */; };
		52311754224220BC009DA11E /* LaunchScreen.storyboard in Resources */ = {isa = PBXBuildFile; fileRef = 52311752224220BC009DA11E /* LaunchScreen.storyboard */; };
		52EB3BE823B3171F00912F71 /* UIImage+Convenient.swift in Sources */ = {isa = PBXBuildFile; fileRef = 52EB3B8423B3171F00912F71 /* UIImage+Convenient.swift */; };
		52EB3BE923B3171F00912F71 /* UIImage+FixOrientation.swift in Sources */ = {isa = PBXBuildFile; fileRef = 52EB3B8523B3171F00912F71 /* UIImage+FixOrientation.swift */; };
		52EB3BEA23B3171F00912F71 /* UIImage+Draw.swift in Sources */ = {isa = PBXBuildFile; fileRef = 52EB3B8623B3171F00912F71 /* UIImage+Draw.swift */; };
		52EB3BEB23B3171F00912F71 /* SizeHelper.swift in Sources */ = {isa = PBXBuildFile; fileRef = 52EB3B8823B3171F00912F71 /* SizeHelper.swift */; };
		52EB3BEC23B3171F00912F71 /* UserDefaults+Convience.swift in Sources */ = {isa = PBXBuildFile; fileRef = 52EB3B8A23B3171F00912F71 /* UserDefaults+Convience.swift */; };
		52EB3BED23B3171F00912F71 /* ScrollDirectionTracker.swift in Sources */ = {isa = PBXBuildFile; fileRef = 52EB3B8C23B3171F00912F71 /* ScrollDirectionTracker.swift */; };
		52EB3BEE23B3171F00912F71 /* UIScrollView+Convenient.swift in Sources */ = {isa = PBXBuildFile; fileRef = 52EB3B8D23B3171F00912F71 /* UIScrollView+Convenient.swift */; };
		52EB3BEF23B3171F00912F71 /* UIView+Constraint.swift in Sources */ = {isa = PBXBuildFile; fileRef = 52EB3B8F23B3171F00912F71 /* UIView+Constraint.swift */; };
		52EB3BF023B3171F00912F71 /* LayoutConstraint.swift in Sources */ = {isa = PBXBuildFile; fileRef = 52EB3B9023B3171F00912F71 /* LayoutConstraint.swift */; };
		52EB3BF123B3171F00912F71 /* InsetLabel.swift in Sources */ = {isa = PBXBuildFile; fileRef = 52EB3B9223B3171F00912F71 /* InsetLabel.swift */; };
		52EB3BF223B3171F00912F71 /* UILabel+TapAction.swift in Sources */ = {isa = PBXBuildFile; fileRef = 52EB3B9323B3171F00912F71 /* UILabel+TapAction.swift */; };
		52EB3BF323B3171F00912F71 /* CustomButton.swift in Sources */ = {isa = PBXBuildFile; fileRef = 52EB3B9523B3171F00912F71 /* CustomButton.swift */; };
		52EB3BF423B3171F00912F71 /* SingleLineButton.swift in Sources */ = {isa = PBXBuildFile; fileRef = 52EB3B9623B3171F00912F71 /* SingleLineButton.swift */; };
		52EB3BF523B3171F00912F71 /* LayoutButton.swift in Sources */ = {isa = PBXBuildFile; fileRef = 52EB3B9723B3171F00912F71 /* LayoutButton.swift */; };
		52EB3BF623B3171F00912F71 /* CountdownButton.swift in Sources */ = {isa = PBXBuildFile; fileRef = 52EB3B9823B3171F00912F71 /* CountdownButton.swift */; };
		52EB3BF723B3171F00912F71 /* DispatchQueue+Once.swift in Sources */ = {isa = PBXBuildFile; fileRef = 52EB3B9A23B3171F00912F71 /* DispatchQueue+Once.swift */; };
		52EB3BF823B3171F00912F71 /* DispatchQueue+Delay.swift in Sources */ = {isa = PBXBuildFile; fileRef = 52EB3B9B23B3171F00912F71 /* DispatchQueue+Delay.swift */; };
		52EB3BF923B3171F00912F71 /* Decodable+Convenient.swift in Sources */ = {isa = PBXBuildFile; fileRef = 52EB3B9D23B3171F00912F71 /* Decodable+Convenient.swift */; };
		52EB3BFA23B3171F00912F71 /* Encodable+Convenient.swift in Sources */ = {isa = PBXBuildFile; fileRef = 52EB3B9E23B3171F00912F71 /* Encodable+Convenient.swift */; };
		52EB3BFB23B3171F00912F71 /* Codable+.swift in Sources */ = {isa = PBXBuildFile; fileRef = 52EB3B9F23B3171F00912F71 /* Codable+.swift */; };
		52EB3BFC23B3171F00912F71 /* UIView+Convenient.swift in Sources */ = {isa = PBXBuildFile; fileRef = 52EB3BA123B3171F00912F71 /* UIView+Convenient.swift */; };
		52EB3BFD23B3171F00912F71 /* UIView+Style.swift in Sources */ = {isa = PBXBuildFile; fileRef = 52EB3BA223B3171F00912F71 /* UIView+Style.swift */; };
		52EB3BFE23B3171F00912F71 /* UIView+Find.swift in Sources */ = {isa = PBXBuildFile; fileRef = 52EB3BA323B3171F00912F71 /* UIView+Find.swift */; };
		52EB3BFF23B3171F00912F71 /* SingleLineView.swift in Sources */ = {isa = PBXBuildFile; fileRef = 52EB3BA423B3171F00912F71 /* SingleLineView.swift */; };
		52EB3C0023B3171F00912F71 /* CALayer+Sketch.swift in Sources */ = {isa = PBXBuildFile; fileRef = 52EB3BA523B3171F00912F71 /* CALayer+Sketch.swift */; };
		52EB3C0123B3171F00912F71 /* ElegantUI.swift in Sources */ = {isa = PBXBuildFile; fileRef = 52EB3BA723B3171F00912F71 /* ElegantUI.swift */; };
		52EB3C0223B3171F00912F71 /* Globals.swift in Sources */ = {isa = PBXBuildFile; fileRef = 52EB3BA823B3171F00912F71 /* Globals.swift */; };
		52EB3C0323B3171F00912F71 /* UIFont+Size.swift in Sources */ = {isa = PBXBuildFile; fileRef = 52EB3BAA23B3171F00912F71 /* UIFont+Size.swift */; };
		52EB3C0423B3171F00912F71 /* UIDevice+.swift in Sources */ = {isa = PBXBuildFile; fileRef = 52EB3BAC23B3171F00912F71 /* UIDevice+.swift */; };
		52EB3C0523B3171F00912F71 /* Device.generated.swift in Sources */ = {isa = PBXBuildFile; fileRef = 52EB3BAD23B3171F00912F71 /* Device.generated.swift */; };
		52EB3C0623B3171F00912F71 /* Date+Formatter.swift in Sources */ = {isa = PBXBuildFile; fileRef = 52EB3BAF23B3171F00912F71 /* Date+Formatter.swift */; };
		52EB3C0723B3171F00912F71 /* DateTimer.swift in Sources */ = {isa = PBXBuildFile; fileRef = 52EB3BB123B3171F00912F71 /* DateTimer.swift */; };
		52EB3C0823B3171F00912F71 /* SwiftTimer.swift in Sources */ = {isa = PBXBuildFile; fileRef = 52EB3BB223B3171F00912F71 /* SwiftTimer.swift */; };
		52EB3C0923B3171F00912F71 /* UIGestureRecognizer+Closures.swift in Sources */ = {isa = PBXBuildFile; fileRef = 52EB3BB423B3171F00912F71 /* UIGestureRecognizer+Closures.swift */; };
		52EB3C0A23B3171F00912F71 /* UIView+Closures.swift in Sources */ = {isa = PBXBuildFile; fileRef = 52EB3BB523B3171F00912F71 /* UIView+Closures.swift */; };
		52EB3C0B23B3171F00912F71 /* UIBarButtonItem+Closures.swift in Sources */ = {isa = PBXBuildFile; fileRef = 52EB3BB623B3171F00912F71 /* UIBarButtonItem+Closures.swift */; };
		52EB3C0C23B3171F00912F71 /* UIControl+Closures.swift in Sources */ = {isa = PBXBuildFile; fileRef = 52EB3BB723B3171F00912F71 /* UIControl+Closures.swift */; };
		52EB3C0D23B3171F00912F71 /* GestureClosure.swift in Sources */ = {isa = PBXBuildFile; fileRef = 52EB3BB823B3171F00912F71 /* GestureClosure.swift */; };
		52EB3C0E23B3171F00912F71 /* ClosureHandler.swift in Sources */ = {isa = PBXBuildFile; fileRef = 52EB3BB923B3171F00912F71 /* ClosureHandler.swift */; };
		52EB3C0F23B3171F00912F71 /* UITextView+Slice.swift in Sources */ = {isa = PBXBuildFile; fileRef = 52EB3BBB23B3171F00912F71 /* UITextView+Slice.swift */; };
		52EB3C1023B3171F00912F71 /* UITextView+Fix.swift in Sources */ = {isa = PBXBuildFile; fileRef = 52EB3BBC23B3171F00912F71 /* UITextView+Fix.swift */; };
		52EB3C1123B3171F00912F71 /* UICollectionViewLeftAlignedLayout.swift in Sources */ = {isa = PBXBuildFile; fileRef = 52EB3BBE23B3171F00912F71 /* UICollectionViewLeftAlignedLayout.swift */; };
		52EB3C1223B3171F00912F71 /* WaterfallLayout.swift in Sources */ = {isa = PBXBuildFile; fileRef = 52EB3BBF23B3171F00912F71 /* WaterfallLayout.swift */; };
		52EB3C1323B3171F00912F71 /* CollectionViewCenteredFlowLayout.swift in Sources */ = {isa = PBXBuildFile; fileRef = 52EB3BC023B3171F00912F71 /* CollectionViewCenteredFlowLayout.swift */; };
		52EB3C1423B3171F00912F71 /* CustomBarButtonItem.swift in Sources */ = {isa = PBXBuildFile; fileRef = 52EB3BC223B3171F00912F71 /* CustomBarButtonItem.swift */; };
		52EB3C1523B3171F00912F71 /* UIBarButtonItem+Convenient.swift in Sources */ = {isa = PBXBuildFile; fileRef = 52EB3BC323B3171F00912F71 /* UIBarButtonItem+Convenient.swift */; };
		52EB3C1623B3171F00912F71 /* Int+Transform.swift in Sources */ = {isa = PBXBuildFile; fileRef = 52EB3BC523B3171F00912F71 /* Int+Transform.swift */; };
		52EB3C1723B3171F00912F71 /* Double+Transform.swift in Sources */ = {isa = PBXBuildFile; fileRef = 52EB3BC623B3171F00912F71 /* Double+Transform.swift */; };
		52EB3C1823B3171F00912F71 /* Int+Random.swift in Sources */ = {isa = PBXBuildFile; fileRef = 52EB3BC723B3171F00912F71 /* Int+Random.swift */; };
		52EB3C1923B3171F00912F71 /* CLLocationCoordinate2D+Transform.swift in Sources */ = {isa = PBXBuildFile; fileRef = 52EB3BC923B3171F00912F71 /* CLLocationCoordinate2D+Transform.swift */; };
		52EB3C1A23B3171F00912F71 /* MapOPenURL.swift in Sources */ = {isa = PBXBuildFile; fileRef = 52EB3BCA23B3171F00912F71 /* MapOPenURL.swift */; };
		52EB3C1B23B3171F00912F71 /* InpuctNotifyViewController.swift in Sources */ = {isa = PBXBuildFile; fileRef = 52EB3BCC23B3171F00912F71 /* InpuctNotifyViewController.swift */; };
		52EB3C1C23B3171F00912F71 /* UIViewController+Convenient.swift in Sources */ = {isa = PBXBuildFile; fileRef = 52EB3BCD23B3171F00912F71 /* UIViewController+Convenient.swift */; };
		52EB3C1D23B3171F00912F71 /* UIViewController+Rotate.swift in Sources */ = {isa = PBXBuildFile; fileRef = 52EB3BCE23B3171F00912F71 /* UIViewController+Rotate.swift */; };
		52EB3C1E23B3171F00912F71 /* UIViewController+Find.swift in Sources */ = {isa = PBXBuildFile; fileRef = 52EB3BCF23B3171F00912F71 /* UIViewController+Find.swift */; };
		52EB3C1F23B3171F00912F71 /* UITableView+Convenient.swift in Sources */ = {isa = PBXBuildFile; fileRef = 52EB3BD123B3171F00912F71 /* UITableView+Convenient.swift */; };
		52EB3C2023B3171F00912F71 /* UISearchBar+Convenient.swift in Sources */ = {isa = PBXBuildFile; fileRef = 52EB3BD323B3171F00912F71 /* UISearchBar+Convenient.swift */; };
		52EB3C2123B3171F00912F71 /* UIControl+EnlargeEdge.swift in Sources */ = {isa = PBXBuildFile; fileRef = 52EB3BD523B3171F00912F71 /* UIControl+EnlargeEdge.swift */; };
		52EB3C2223B3171F00912F71 /* String+Size.swift in Sources */ = {isa = PBXBuildFile; fileRef = 52EB3BD723B3171F00912F71 /* String+Size.swift */; };
		52EB3C2323B3171F00912F71 /* String+Range.swift in Sources */ = {isa = PBXBuildFile; fileRef = 52EB3BD823B3171F00912F71 /* String+Range.swift */; };
		52EB3C2423B3171F00912F71 /* Lorem.swift in Sources */ = {isa = PBXBuildFile; fileRef = 52EB3BD923B3171F00912F71 /* Lorem.swift */; };
		52EB3C2523B3171F00912F71 /* String+Tool.swift in Sources */ = {isa = PBXBuildFile; fileRef = 52EB3BDA23B3171F00912F71 /* String+Tool.swift */; };
		52EB3C2623B3171F00912F71 /* String+Attributed.swift in Sources */ = {isa = PBXBuildFile; fileRef = 52EB3BDB23B3171F00912F71 /* String+Attributed.swift */; };
		52EB3C2723B3171F00912F71 /* ViewModelBinding.swift in Sources */ = {isa = PBXBuildFile; fileRef = 52EB3BDD23B3171F00912F71 /* ViewModelBinding.swift */; };
		52EB3C2823B3171F00912F71 /* NSObject+Associate.swift in Sources */ = {isa = PBXBuildFile; fileRef = 52EB3BDF23B3171F00912F71 /* NSObject+Associate.swift */; };
		52EB3C2923B3171F00912F71 /* NSObject+Convenient.swift in Sources */ = {isa = PBXBuildFile; fileRef = 52EB3BE023B3171F00912F71 /* NSObject+Convenient.swift */; };
		52EB3C2A23B3171F00912F71 /* PhotoPickerHelper.swift in Sources */ = {isa = PBXBuildFile; fileRef = 52EB3BE223B3171F00912F71 /* PhotoPickerHelper.swift */; };
		52EB3C2B23B3171F00912F71 /* PhotoSaveHelper.swift in Sources */ = {isa = PBXBuildFile; fileRef = 52EB3BE323B3171F00912F71 /* PhotoSaveHelper.swift */; };
		52EB3C2C23B3171F00912F71 /* ImageCropperViewController.swift in Sources */ = {isa = PBXBuildFile; fileRef = 52EB3BE423B3171F00912F71 /* ImageCropperViewController.swift */; };
		52EB3C2D23B3171F00912F71 /* CustomTextField.swift in Sources */ = {isa = PBXBuildFile; fileRef = 52EB3BE623B3171F00912F71 /* CustomTextField.swift */; };
		52EB3C2E23B3171F00912F71 /* UITextField+Slice.swift in Sources */ = {isa = PBXBuildFile; fileRef = 52EB3BE723B3171F00912F71 /* UITextField+Slice.swift */; };
/* End PBXBuildFile section */

/* Begin PBXFileReference section */
		52311746224220BB009DA11E /* Demo.app */ = {isa = PBXFileReference; explicitFileType = wrapper.application; includeInIndex = 0; path = Demo.app; sourceTree = BUILT_PRODUCTS_DIR; };
		52311749224220BB009DA11E /* AppDelegate.swift */ = {isa = PBXFileReference; lastKnownFileType = sourcecode.swift; path = AppDelegate.swift; sourceTree = "<group>"; };
		5231174B224220BB009DA11E /* ViewController.swift */ = {isa = PBXFileReference; lastKnownFileType = sourcecode.swift; path = ViewController.swift; sourceTree = "<group>"; };
		5231174E224220BB009DA11E /* Base */ = {isa = PBXFileReference; lastKnownFileType = file.storyboard; name = Base; path = Base.lproj/Main.storyboard; sourceTree = "<group>"; };
		52311750224220BC009DA11E /* Assets.xcassets */ = {isa = PBXFileReference; lastKnownFileType = folder.assetcatalog; path = Assets.xcassets; sourceTree = "<group>"; };
		52311753224220BC009DA11E /* Base */ = {isa = PBXFileReference; lastKnownFileType = file.storyboard; name = Base; path = Base.lproj/LaunchScreen.storyboard; sourceTree = "<group>"; };
		52311755224220BC009DA11E /* Info.plist */ = {isa = PBXFileReference; lastKnownFileType = text.plist.xml; path = Info.plist; sourceTree = "<group>"; };
		52EB3B8423B3171F00912F71 /* UIImage+Convenient.swift */ = {isa = PBXFileReference; fileEncoding = 4; lastKnownFileType = sourcecode.swift; path = "UIImage+Convenient.swift"; sourceTree = "<group>"; };
		52EB3B8523B3171F00912F71 /* UIImage+FixOrientation.swift */ = {isa = PBXFileReference; fileEncoding = 4; lastKnownFileType = sourcecode.swift; path = "UIImage+FixOrientation.swift"; sourceTree = "<group>"; };
		52EB3B8623B3171F00912F71 /* UIImage+Draw.swift */ = {isa = PBXFileReference; fileEncoding = 4; lastKnownFileType = sourcecode.swift; path = "UIImage+Draw.swift"; sourceTree = "<group>"; };
		52EB3B8823B3171F00912F71 /* SizeHelper.swift */ = {isa = PBXFileReference; fileEncoding = 4; lastKnownFileType = sourcecode.swift; path = SizeHelper.swift; sourceTree = "<group>"; };
		52EB3B8A23B3171F00912F71 /* UserDefaults+Convience.swift */ = {isa = PBXFileReference; fileEncoding = 4; lastKnownFileType = sourcecode.swift; path = "UserDefaults+Convience.swift"; sourceTree = "<group>"; };
		52EB3B8C23B3171F00912F71 /* ScrollDirectionTracker.swift */ = {isa = PBXFileReference; fileEncoding = 4; lastKnownFileType = sourcecode.swift; path = ScrollDirectionTracker.swift; sourceTree = "<group>"; };
		52EB3B8D23B3171F00912F71 /* UIScrollView+Convenient.swift */ = {isa = PBXFileReference; fileEncoding = 4; lastKnownFileType = sourcecode.swift; path = "UIScrollView+Convenient.swift"; sourceTree = "<group>"; };
		52EB3B8F23B3171F00912F71 /* UIView+Constraint.swift */ = {isa = PBXFileReference; fileEncoding = 4; lastKnownFileType = sourcecode.swift; path = "UIView+Constraint.swift"; sourceTree = "<group>"; };
		52EB3B9023B3171F00912F71 /* LayoutConstraint.swift */ = {isa = PBXFileReference; fileEncoding = 4; lastKnownFileType = sourcecode.swift; path = LayoutConstraint.swift; sourceTree = "<group>"; };
		52EB3B9223B3171F00912F71 /* InsetLabel.swift */ = {isa = PBXFileReference; fileEncoding = 4; lastKnownFileType = sourcecode.swift; path = InsetLabel.swift; sourceTree = "<group>"; };
		52EB3B9323B3171F00912F71 /* UILabel+TapAction.swift */ = {isa = PBXFileReference; fileEncoding = 4; lastKnownFileType = sourcecode.swift; path = "UILabel+TapAction.swift"; sourceTree = "<group>"; };
		52EB3B9523B3171F00912F71 /* CustomButton.swift */ = {isa = PBXFileReference; fileEncoding = 4; lastKnownFileType = sourcecode.swift; path = CustomButton.swift; sourceTree = "<group>"; };
		52EB3B9623B3171F00912F71 /* SingleLineButton.swift */ = {isa = PBXFileReference; fileEncoding = 4; lastKnownFileType = sourcecode.swift; path = SingleLineButton.swift; sourceTree = "<group>"; };
		52EB3B9723B3171F00912F71 /* LayoutButton.swift */ = {isa = PBXFileReference; fileEncoding = 4; lastKnownFileType = sourcecode.swift; path = LayoutButton.swift; sourceTree = "<group>"; };
		52EB3B9823B3171F00912F71 /* CountdownButton.swift */ = {isa = PBXFileReference; fileEncoding = 4; lastKnownFileType = sourcecode.swift; path = CountdownButton.swift; sourceTree = "<group>"; };
		52EB3B9A23B3171F00912F71 /* DispatchQueue+Once.swift */ = {isa = PBXFileReference; fileEncoding = 4; lastKnownFileType = sourcecode.swift; path = "DispatchQueue+Once.swift"; sourceTree = "<group>"; };
		52EB3B9B23B3171F00912F71 /* DispatchQueue+Delay.swift */ = {isa = PBXFileReference; fileEncoding = 4; lastKnownFileType = sourcecode.swift; path = "DispatchQueue+Delay.swift"; sourceTree = "<group>"; };
		52EB3B9D23B3171F00912F71 /* Decodable+Convenient.swift */ = {isa = PBXFileReference; fileEncoding = 4; lastKnownFileType = sourcecode.swift; path = "Decodable+Convenient.swift"; sourceTree = "<group>"; };
		52EB3B9E23B3171F00912F71 /* Encodable+Convenient.swift */ = {isa = PBXFileReference; fileEncoding = 4; lastKnownFileType = sourcecode.swift; path = "Encodable+Convenient.swift"; sourceTree = "<group>"; };
		52EB3B9F23B3171F00912F71 /* Codable+.swift */ = {isa = PBXFileReference; fileEncoding = 4; lastKnownFileType = sourcecode.swift; path = "Codable+.swift"; sourceTree = "<group>"; };
		52EB3BA123B3171F00912F71 /* UIView+Convenient.swift */ = {isa = PBXFileReference; fileEncoding = 4; lastKnownFileType = sourcecode.swift; path = "UIView+Convenient.swift"; sourceTree = "<group>"; };
		52EB3BA223B3171F00912F71 /* UIView+Style.swift */ = {isa = PBXFileReference; fileEncoding = 4; lastKnownFileType = sourcecode.swift; path = "UIView+Style.swift"; sourceTree = "<group>"; };
		52EB3BA323B3171F00912F71 /* UIView+Find.swift */ = {isa = PBXFileReference; fileEncoding = 4; lastKnownFileType = sourcecode.swift; path = "UIView+Find.swift"; sourceTree = "<group>"; };
		52EB3BA423B3171F00912F71 /* SingleLineView.swift */ = {isa = PBXFileReference; fileEncoding = 4; lastKnownFileType = sourcecode.swift; path = SingleLineView.swift; sourceTree = "<group>"; };
		52EB3BA523B3171F00912F71 /* CALayer+Sketch.swift */ = {isa = PBXFileReference; fileEncoding = 4; lastKnownFileType = sourcecode.swift; path = "CALayer+Sketch.swift"; sourceTree = "<group>"; };
		52EB3BA723B3171F00912F71 /* ElegantUI.swift */ = {isa = PBXFileReference; fileEncoding = 4; lastKnownFileType = sourcecode.swift; path = ElegantUI.swift; sourceTree = "<group>"; };
		52EB3BA823B3171F00912F71 /* Globals.swift */ = {isa = PBXFileReference; fileEncoding = 4; lastKnownFileType = sourcecode.swift; path = Globals.swift; sourceTree = "<group>"; };
		52EB3BAA23B3171F00912F71 /* UIFont+Size.swift */ = {isa = PBXFileReference; fileEncoding = 4; lastKnownFileType = sourcecode.swift; path = "UIFont+Size.swift"; sourceTree = "<group>"; };
		52EB3BAC23B3171F00912F71 /* UIDevice+.swift */ = {isa = PBXFileReference; fileEncoding = 4; lastKnownFileType = sourcecode.swift; path = "UIDevice+.swift"; sourceTree = "<group>"; };
		52EB3BAD23B3171F00912F71 /* Device.generated.swift */ = {isa = PBXFileReference; fileEncoding = 4; lastKnownFileType = sourcecode.swift; path = Device.generated.swift; sourceTree = "<group>"; };
		52EB3BAF23B3171F00912F71 /* Date+Formatter.swift */ = {isa = PBXFileReference; fileEncoding = 4; lastKnownFileType = sourcecode.swift; path = "Date+Formatter.swift"; sourceTree = "<group>"; };
		52EB3BB123B3171F00912F71 /* DateTimer.swift */ = {isa = PBXFileReference; fileEncoding = 4; lastKnownFileType = sourcecode.swift; path = DateTimer.swift; sourceTree = "<group>"; };
		52EB3BB223B3171F00912F71 /* SwiftTimer.swift */ = {isa = PBXFileReference; fileEncoding = 4; lastKnownFileType = sourcecode.swift; path = SwiftTimer.swift; sourceTree = "<group>"; };
		52EB3BB423B3171F00912F71 /* UIGestureRecognizer+Closures.swift */ = {isa = PBXFileReference; fileEncoding = 4; lastKnownFileType = sourcecode.swift; path = "UIGestureRecognizer+Closures.swift"; sourceTree = "<group>"; };
		52EB3BB523B3171F00912F71 /* UIView+Closures.swift */ = {isa = PBXFileReference; fileEncoding = 4; lastKnownFileType = sourcecode.swift; path = "UIView+Closures.swift"; sourceTree = "<group>"; };
		52EB3BB623B3171F00912F71 /* UIBarButtonItem+Closures.swift */ = {isa = PBXFileReference; fileEncoding = 4; lastKnownFileType = sourcecode.swift; path = "UIBarButtonItem+Closures.swift"; sourceTree = "<group>"; };
		52EB3BB723B3171F00912F71 /* UIControl+Closures.swift */ = {isa = PBXFileReference; fileEncoding = 4; lastKnownFileType = sourcecode.swift; path = "UIControl+Closures.swift"; sourceTree = "<group>"; };
		52EB3BB823B3171F00912F71 /* GestureClosure.swift */ = {isa = PBXFileReference; fileEncoding = 4; lastKnownFileType = sourcecode.swift; path = GestureClosure.swift; sourceTree = "<group>"; };
		52EB3BB923B3171F00912F71 /* ClosureHandler.swift */ = {isa = PBXFileReference; fileEncoding = 4; lastKnownFileType = sourcecode.swift; path = ClosureHandler.swift; sourceTree = "<group>"; };
		52EB3BBB23B3171F00912F71 /* UITextView+Slice.swift */ = {isa = PBXFileReference; fileEncoding = 4; lastKnownFileType = sourcecode.swift; path = "UITextView+Slice.swift"; sourceTree = "<group>"; };
		52EB3BBC23B3171F00912F71 /* UITextView+Fix.swift */ = {isa = PBXFileReference; fileEncoding = 4; lastKnownFileType = sourcecode.swift; path = "UITextView+Fix.swift"; sourceTree = "<group>"; };
		52EB3BBE23B3171F00912F71 /* UICollectionViewLeftAlignedLayout.swift */ = {isa = PBXFileReference; fileEncoding = 4; lastKnownFileType = sourcecode.swift; path = UICollectionViewLeftAlignedLayout.swift; sourceTree = "<group>"; };
		52EB3BBF23B3171F00912F71 /* WaterfallLayout.swift */ = {isa = PBXFileReference; fileEncoding = 4; lastKnownFileType = sourcecode.swift; path = WaterfallLayout.swift; sourceTree = "<group>"; };
		52EB3BC023B3171F00912F71 /* CollectionViewCenteredFlowLayout.swift */ = {isa = PBXFileReference; fileEncoding = 4; lastKnownFileType = sourcecode.swift; path = CollectionViewCenteredFlowLayout.swift; sourceTree = "<group>"; };
		52EB3BC223B3171F00912F71 /* CustomBarButtonItem.swift */ = {isa = PBXFileReference; fileEncoding = 4; lastKnownFileType = sourcecode.swift; path = CustomBarButtonItem.swift; sourceTree = "<group>"; };
		52EB3BC323B3171F00912F71 /* UIBarButtonItem+Convenient.swift */ = {isa = PBXFileReference; fileEncoding = 4; lastKnownFileType = sourcecode.swift; path = "UIBarButtonItem+Convenient.swift"; sourceTree = "<group>"; };
		52EB3BC523B3171F00912F71 /* Int+Transform.swift */ = {isa = PBXFileReference; fileEncoding = 4; lastKnownFileType = sourcecode.swift; path = "Int+Transform.swift"; sourceTree = "<group>"; };
		52EB3BC623B3171F00912F71 /* Double+Transform.swift */ = {isa = PBXFileReference; fileEncoding = 4; lastKnownFileType = sourcecode.swift; path = "Double+Transform.swift"; sourceTree = "<group>"; };
		52EB3BC723B3171F00912F71 /* Int+Random.swift */ = {isa = PBXFileReference; fileEncoding = 4; lastKnownFileType = sourcecode.swift; path = "Int+Random.swift"; sourceTree = "<group>"; };
		52EB3BC923B3171F00912F71 /* CLLocationCoordinate2D+Transform.swift */ = {isa = PBXFileReference; fileEncoding = 4; lastKnownFileType = sourcecode.swift; path = "CLLocationCoordinate2D+Transform.swift"; sourceTree = "<group>"; };
		52EB3BCA23B3171F00912F71 /* MapOPenURL.swift */ = {isa = PBXFileReference; fileEncoding = 4; lastKnownFileType = sourcecode.swift; path = MapOPenURL.swift; sourceTree = "<group>"; };
		52EB3BCC23B3171F00912F71 /* InpuctNotifyViewController.swift */ = {isa = PBXFileReference; fileEncoding = 4; lastKnownFileType = sourcecode.swift; path = InpuctNotifyViewController.swift; sourceTree = "<group>"; };
		52EB3BCD23B3171F00912F71 /* UIViewController+Convenient.swift */ = {isa = PBXFileReference; fileEncoding = 4; lastKnownFileType = sourcecode.swift; path = "UIViewController+Convenient.swift"; sourceTree = "<group>"; };
		52EB3BCE23B3171F00912F71 /* UIViewController+Rotate.swift */ = {isa = PBXFileReference; fileEncoding = 4; lastKnownFileType = sourcecode.swift; path = "UIViewController+Rotate.swift"; sourceTree = "<group>"; };
		52EB3BCF23B3171F00912F71 /* UIViewController+Find.swift */ = {isa = PBXFileReference; fileEncoding = 4; lastKnownFileType = sourcecode.swift; path = "UIViewController+Find.swift"; sourceTree = "<group>"; };
		52EB3BD123B3171F00912F71 /* UITableView+Convenient.swift */ = {isa = PBXFileReference; fileEncoding = 4; lastKnownFileType = sourcecode.swift; path = "UITableView+Convenient.swift"; sourceTree = "<group>"; };
		52EB3BD323B3171F00912F71 /* UISearchBar+Convenient.swift */ = {isa = PBXFileReference; fileEncoding = 4; lastKnownFileType = sourcecode.swift; path = "UISearchBar+Convenient.swift"; sourceTree = "<group>"; };
		52EB3BD523B3171F00912F71 /* UIControl+EnlargeEdge.swift */ = {isa = PBXFileReference; fileEncoding = 4; lastKnownFileType = sourcecode.swift; path = "UIControl+EnlargeEdge.swift"; sourceTree = "<group>"; };
		52EB3BD723B3171F00912F71 /* String+Size.swift */ = {isa = PBXFileReference; fileEncoding = 4; lastKnownFileType = sourcecode.swift; path = "String+Size.swift"; sourceTree = "<group>"; };
		52EB3BD823B3171F00912F71 /* String+Range.swift */ = {isa = PBXFileReference; fileEncoding = 4; lastKnownFileType = sourcecode.swift; path = "String+Range.swift"; sourceTree = "<group>"; };
		52EB3BD923B3171F00912F71 /* Lorem.swift */ = {isa = PBXFileReference; fileEncoding = 4; lastKnownFileType = sourcecode.swift; path = Lorem.swift; sourceTree = "<group>"; };
		52EB3BDA23B3171F00912F71 /* String+Tool.swift */ = {isa = PBXFileReference; fileEncoding = 4; lastKnownFileType = sourcecode.swift; path = "String+Tool.swift"; sourceTree = "<group>"; };
		52EB3BDB23B3171F00912F71 /* String+Attributed.swift */ = {isa = PBXFileReference; fileEncoding = 4; lastKnownFileType = sourcecode.swift; path = "String+Attributed.swift"; sourceTree = "<group>"; };
		52EB3BDD23B3171F00912F71 /* ViewModelBinding.swift */ = {isa = PBXFileReference; fileEncoding = 4; lastKnownFileType = sourcecode.swift; path = ViewModelBinding.swift; sourceTree = "<group>"; };
		52EB3BDF23B3171F00912F71 /* NSObject+Associate.swift */ = {isa = PBXFileReference; fileEncoding = 4; lastKnownFileType = sourcecode.swift; path = "NSObject+Associate.swift"; sourceTree = "<group>"; };
		52EB3BE023B3171F00912F71 /* NSObject+Convenient.swift */ = {isa = PBXFileReference; fileEncoding = 4; lastKnownFileType = sourcecode.swift; path = "NSObject+Convenient.swift"; sourceTree = "<group>"; };
		52EB3BE223B3171F00912F71 /* PhotoPickerHelper.swift */ = {isa = PBXFileReference; fileEncoding = 4; lastKnownFileType = sourcecode.swift; path = PhotoPickerHelper.swift; sourceTree = "<group>"; };
		52EB3BE323B3171F00912F71 /* PhotoSaveHelper.swift */ = {isa = PBXFileReference; fileEncoding = 4; lastKnownFileType = sourcecode.swift; path = PhotoSaveHelper.swift; sourceTree = "<group>"; };
		52EB3BE423B3171F00912F71 /* ImageCropperViewController.swift */ = {isa = PBXFileReference; fileEncoding = 4; lastKnownFileType = sourcecode.swift; path = ImageCropperViewController.swift; sourceTree = "<group>"; };
		52EB3BE623B3171F00912F71 /* CustomTextField.swift */ = {isa = PBXFileReference; fileEncoding = 4; lastKnownFileType = sourcecode.swift; path = CustomTextField.swift; sourceTree = "<group>"; };
		52EB3BE723B3171F00912F71 /* UITextField+Slice.swift */ = {isa = PBXFileReference; fileEncoding = 4; lastKnownFileType = sourcecode.swift; path = "UITextField+Slice.swift"; sourceTree = "<group>"; };
		F33725A8DB54E01249AF6D6C /* Pods_Demo.framework */ = {isa = PBXFileReference; explicitFileType = wrapper.framework; includeInIndex = 0; path = Pods_Demo.framework; sourceTree = BUILT_PRODUCTS_DIR; };
/* End PBXFileReference section */

/* Begin PBXFrameworksBuildPhase section */
		52311743224220BB009DA11E /* Frameworks */ = {
			isa = PBXFrameworksBuildPhase;
			buildActionMask = 2147483647;
			files = (
			);
			runOnlyForDeploymentPostprocessing = 0;
		};
/* End PBXFrameworksBuildPhase section */

/* Begin PBXGroup section */
		5231173D224220BB009DA11E = {
			isa = PBXGroup;
			children = (
				52EB3B8223B3171F00912F71 /* Source */,
				52311748224220BB009DA11E /* Demo */,
				52311747224220BB009DA11E /* Products */,
				FF23ACAC068A80CC488968BE /* Frameworks */,
			);
			sourceTree = "<group>";
		};
		52311747224220BB009DA11E /* Products */ = {
			isa = PBXGroup;
			children = (
				52311746224220BB009DA11E /* Demo.app */,
			);
			name = Products;
			sourceTree = "<group>";
		};
		52311748224220BB009DA11E /* Demo */ = {
			isa = PBXGroup;
			children = (
				52311749224220BB009DA11E /* AppDelegate.swift */,
				5231174B224220BB009DA11E /* ViewController.swift */,
				5231174D224220BB009DA11E /* Main.storyboard */,
				52311750224220BC009DA11E /* Assets.xcassets */,
				52311752224220BC009DA11E /* LaunchScreen.storyboard */,
				52311755224220BC009DA11E /* Info.plist */,
			);
			path = Demo;
			sourceTree = "<group>";
		};
		52EB3B8223B3171F00912F71 /* Source */ = {
			isa = PBXGroup;
			children = (
				52EB3B8E23B3171F00912F71 /* AutoLayout */,
				52EB3B9C23B3171F00912F71 /* Codable */,
				52EB3BAE23B3171F00912F71 /* Date */,
				52EB3BAB23B3171F00912F71 /* DeviceKit */,
				52EB3B9923B3171F00912F71 /* DispatchQueue */,
				52EB3BA623B3171F00912F71 /* General */,
				52EB3BB323B3171F00912F71 /* GestureClosures */,
				52EB3BC823B3171F00912F71 /* MapKit */,
				52EB3BDE23B3171F00912F71 /* NSObject */,
				52EB3BC423B3171F00912F71 /* Number */,
				52EB3BE123B3171F00912F71 /* Photos */,
				52EB3B8723B3171F00912F71 /* SizeHelper */,
				52EB3BD623B3171F00912F71 /* String */,
				52EB3BB023B3171F00912F71 /* Timer */,
				52EB3BC123B3171F00912F71 /* UIBarButtonItem */,
				52EB3B9423B3171F00912F71 /* UIButton */,
				52EB3BBD23B3171F00912F71 /* UICollectionView */,
				52EB3BD423B3171F00912F71 /* UIControl */,
				52EB3BA923B3171F00912F71 /* UIFont */,
				52EB3B8323B3171F00912F71 /* UIImage */,
				52EB3B9123B3171F00912F71 /* UILabel */,
				52EB3B8B23B3171F00912F71 /* UIScrollView */,
				52EB3BD223B3171F00912F71 /* UISearchBar */,
				52EB3BD023B3171F00912F71 /* UITableView */,
				52EB3BE523B3171F00912F71 /* UITextField */,
				52EB3BBA23B3171F00912F71 /* UITextView */,
				52EB3BA023B3171F00912F71 /* UIView */,
				52EB3BCB23B3171F00912F71 /* UIViewController */,
				52EB3B8923B3171F00912F71 /* UserDefaults */,
				52EB3BDC23B3171F00912F71 /* ViewModelBinding */,
			);
			name = Source;
			path = ../Source;
			sourceTree = "<group>";
		};
		52EB3B8323B3171F00912F71 /* UIImage */ = {
			isa = PBXGroup;
			children = (
				52EB3B8423B3171F00912F71 /* UIImage+Convenient.swift */,
				52EB3B8523B3171F00912F71 /* UIImage+FixOrientation.swift */,
				52EB3B8623B3171F00912F71 /* UIImage+Draw.swift */,
			);
			path = UIImage;
			sourceTree = "<group>";
		};
		52EB3B8723B3171F00912F71 /* SizeHelper */ = {
			isa = PBXGroup;
			children = (
				52EB3B8823B3171F00912F71 /* SizeHelper.swift */,
			);
			path = SizeHelper;
			sourceTree = "<group>";
		};
		52EB3B8923B3171F00912F71 /* UserDefaults */ = {
			isa = PBXGroup;
			children = (
				52EB3B8A23B3171F00912F71 /* UserDefaults+Convience.swift */,
			);
			path = UserDefaults;
			sourceTree = "<group>";
		};
		52EB3B8B23B3171F00912F71 /* UIScrollView */ = {
			isa = PBXGroup;
			children = (
				52EB3B8C23B3171F00912F71 /* ScrollDirectionTracker.swift */,
				52EB3B8D23B3171F00912F71 /* UIScrollView+Convenient.swift */,
			);
			path = UIScrollView;
			sourceTree = "<group>";
		};
		52EB3B8E23B3171F00912F71 /* AutoLayout */ = {
			isa = PBXGroup;
			children = (
				52EB3B8F23B3171F00912F71 /* UIView+Constraint.swift */,
				52EB3B9023B3171F00912F71 /* LayoutConstraint.swift */,
			);
			path = AutoLayout;
			sourceTree = "<group>";
		};
		52EB3B9123B3171F00912F71 /* UILabel */ = {
			isa = PBXGroup;
			children = (
				52EB3B9223B3171F00912F71 /* InsetLabel.swift */,
				52EB3B9323B3171F00912F71 /* UILabel+TapAction.swift */,
			);
			path = UILabel;
			sourceTree = "<group>";
		};
		52EB3B9423B3171F00912F71 /* UIButton */ = {
			isa = PBXGroup;
			children = (
				52EB3B9523B3171F00912F71 /* CustomButton.swift */,
				52EB3B9623B3171F00912F71 /* SingleLineButton.swift */,
				52EB3B9723B3171F00912F71 /* LayoutButton.swift */,
				52EB3B9823B3171F00912F71 /* CountdownButton.swift */,
			);
			path = UIButton;
			sourceTree = "<group>";
		};
		52EB3B9923B3171F00912F71 /* DispatchQueue */ = {
			isa = PBXGroup;
			children = (
				52EB3B9A23B3171F00912F71 /* DispatchQueue+Once.swift */,
				52EB3B9B23B3171F00912F71 /* DispatchQueue+Delay.swift */,
			);
			path = DispatchQueue;
			sourceTree = "<group>";
		};
		52EB3B9C23B3171F00912F71 /* Codable */ = {
			isa = PBXGroup;
			children = (
				52EB3B9D23B3171F00912F71 /* Decodable+Convenient.swift */,
				52EB3B9E23B3171F00912F71 /* Encodable+Convenient.swift */,
				52EB3B9F23B3171F00912F71 /* Codable+.swift */,
			);
			path = Codable;
			sourceTree = "<group>";
		};
		52EB3BA023B3171F00912F71 /* UIView */ = {
			isa = PBXGroup;
			children = (
				52EB3BA123B3171F00912F71 /* UIView+Convenient.swift */,
				52EB3BA223B3171F00912F71 /* UIView+Style.swift */,
				52EB3BA323B3171F00912F71 /* UIView+Find.swift */,
				52EB3BA423B3171F00912F71 /* SingleLineView.swift */,
				52EB3BA523B3171F00912F71 /* CALayer+Sketch.swift */,
			);
			path = UIView;
			sourceTree = "<group>";
		};
		52EB3BA623B3171F00912F71 /* General */ = {
			isa = PBXGroup;
			children = (
				52EB3BA723B3171F00912F71 /* ElegantUI.swift */,
				52EB3BA823B3171F00912F71 /* Globals.swift */,
			);
			path = General;
			sourceTree = "<group>";
		};
		52EB3BA923B3171F00912F71 /* UIFont */ = {
			isa = PBXGroup;
			children = (
				52EB3BAA23B3171F00912F71 /* UIFont+Size.swift */,
			);
			path = UIFont;
			sourceTree = "<group>";
		};
		52EB3BAB23B3171F00912F71 /* DeviceKit */ = {
			isa = PBXGroup;
			children = (
				52EB3BAC23B3171F00912F71 /* UIDevice+.swift */,
				52EB3BAD23B3171F00912F71 /* Device.generated.swift */,
			);
			path = DeviceKit;
			sourceTree = "<group>";
		};
		52EB3BAE23B3171F00912F71 /* Date */ = {
			isa = PBXGroup;
			children = (
				52EB3BAF23B3171F00912F71 /* Date+Formatter.swift */,
			);
			path = Date;
			sourceTree = "<group>";
		};
		52EB3BB023B3171F00912F71 /* Timer */ = {
			isa = PBXGroup;
			children = (
				52EB3BB123B3171F00912F71 /* DateTimer.swift */,
				52EB3BB223B3171F00912F71 /* SwiftTimer.swift */,
			);
			path = Timer;
			sourceTree = "<group>";
		};
		52EB3BB323B3171F00912F71 /* GestureClosures */ = {
			isa = PBXGroup;
			children = (
				52EB3BB423B3171F00912F71 /* UIGestureRecognizer+Closures.swift */,
				52EB3BB523B3171F00912F71 /* UIView+Closures.swift */,
				52EB3BB623B3171F00912F71 /* UIBarButtonItem+Closures.swift */,
				52EB3BB723B3171F00912F71 /* UIControl+Closures.swift */,
				52EB3BB823B3171F00912F71 /* GestureClosure.swift */,
				52EB3BB923B3171F00912F71 /* ClosureHandler.swift */,
			);
			path = GestureClosures;
			sourceTree = "<group>";
		};
		52EB3BBA23B3171F00912F71 /* UITextView */ = {
			isa = PBXGroup;
			children = (
				52EB3BBB23B3171F00912F71 /* UITextView+Slice.swift */,
				52EB3BBC23B3171F00912F71 /* UITextView+Fix.swift */,
			);
			path = UITextView;
			sourceTree = "<group>";
		};
		52EB3BBD23B3171F00912F71 /* UICollectionView */ = {
			isa = PBXGroup;
			children = (
				52EB3BBE23B3171F00912F71 /* UICollectionViewLeftAlignedLayout.swift */,
				52EB3BBF23B3171F00912F71 /* WaterfallLayout.swift */,
				52EB3BC023B3171F00912F71 /* CollectionViewCenteredFlowLayout.swift */,
			);
			path = UICollectionView;
			sourceTree = "<group>";
		};
		52EB3BC123B3171F00912F71 /* UIBarButtonItem */ = {
			isa = PBXGroup;
			children = (
				52EB3BC223B3171F00912F71 /* CustomBarButtonItem.swift */,
				52EB3BC323B3171F00912F71 /* UIBarButtonItem+Convenient.swift */,
			);
			path = UIBarButtonItem;
			sourceTree = "<group>";
		};
		52EB3BC423B3171F00912F71 /* Number */ = {
			isa = PBXGroup;
			children = (
				52EB3BC523B3171F00912F71 /* Int+Transform.swift */,
				52EB3BC623B3171F00912F71 /* Double+Transform.swift */,
				52EB3BC723B3171F00912F71 /* Int+Random.swift */,
			);
			path = Number;
			sourceTree = "<group>";
		};
		52EB3BC823B3171F00912F71 /* MapKit */ = {
			isa = PBXGroup;
			children = (
				52EB3BC923B3171F00912F71 /* CLLocationCoordinate2D+Transform.swift */,
				52EB3BCA23B3171F00912F71 /* MapOPenURL.swift */,
			);
			path = MapKit;
			sourceTree = "<group>";
		};
		52EB3BCB23B3171F00912F71 /* UIViewController */ = {
			isa = PBXGroup;
			children = (
				52EB3BCC23B3171F00912F71 /* InpuctNotifyViewController.swift */,
				52EB3BCD23B3171F00912F71 /* UIViewController+Convenient.swift */,
				52EB3BCE23B3171F00912F71 /* UIViewController+Rotate.swift */,
				52EB3BCF23B3171F00912F71 /* UIViewController+Find.swift */,
			);
			path = UIViewController;
			sourceTree = "<group>";
		};
		52EB3BD023B3171F00912F71 /* UITableView */ = {
			isa = PBXGroup;
			children = (
				52EB3BD123B3171F00912F71 /* UITableView+Convenient.swift */,
			);
			path = UITableView;
			sourceTree = "<group>";
		};
		52EB3BD223B3171F00912F71 /* UISearchBar */ = {
			isa = PBXGroup;
			children = (
				52EB3BD323B3171F00912F71 /* UISearchBar+Convenient.swift */,
			);
			path = UISearchBar;
			sourceTree = "<group>";
		};
		52EB3BD423B3171F00912F71 /* UIControl */ = {
			isa = PBXGroup;
			children = (
				52EB3BD523B3171F00912F71 /* UIControl+EnlargeEdge.swift */,
			);
			path = UIControl;
			sourceTree = "<group>";
		};
		52EB3BD623B3171F00912F71 /* String */ = {
			isa = PBXGroup;
			children = (
				52EB3BD723B3171F00912F71 /* String+Size.swift */,
				52EB3BD823B3171F00912F71 /* String+Range.swift */,
				52EB3BD923B3171F00912F71 /* Lorem.swift */,
				52EB3BDA23B3171F00912F71 /* String+Tool.swift */,
				52EB3BDB23B3171F00912F71 /* String+Attributed.swift */,
			);
			path = String;
			sourceTree = "<group>";
		};
		52EB3BDC23B3171F00912F71 /* ViewModelBinding */ = {
			isa = PBXGroup;
			children = (
				52EB3BDD23B3171F00912F71 /* ViewModelBinding.swift */,
			);
			path = ViewModelBinding;
			sourceTree = "<group>";
		};
		52EB3BDE23B3171F00912F71 /* NSObject */ = {
			isa = PBXGroup;
			children = (
				52EB3BDF23B3171F00912F71 /* NSObject+Associate.swift */,
				52EB3BE023B3171F00912F71 /* NSObject+Convenient.swift */,
			);
			path = NSObject;
			sourceTree = "<group>";
		};
		52EB3BE123B3171F00912F71 /* Photos */ = {
			isa = PBXGroup;
			children = (
				52EB3BE223B3171F00912F71 /* PhotoPickerHelper.swift */,
				52EB3BE323B3171F00912F71 /* PhotoSaveHelper.swift */,
				52EB3BE423B3171F00912F71 /* ImageCropperViewController.swift */,
			);
			path = Photos;
			sourceTree = "<group>";
		};
		52EB3BE523B3171F00912F71 /* UITextField */ = {
			isa = PBXGroup;
			children = (
				52EB3BE623B3171F00912F71 /* CustomTextField.swift */,
				52EB3BE723B3171F00912F71 /* UITextField+Slice.swift */,
			);
			path = UITextField;
			sourceTree = "<group>";
		};
		FF23ACAC068A80CC488968BE /* Frameworks */ = {
			isa = PBXGroup;
			children = (
				F33725A8DB54E01249AF6D6C /* Pods_Demo.framework */,
			);
			name = Frameworks;
			sourceTree = "<group>";
		};
/* End PBXGroup section */

/* Begin PBXNativeTarget section */
		52311745224220BB009DA11E /* Demo */ = {
			isa = PBXNativeTarget;
			buildConfigurationList = 52311758224220BC009DA11E /* Build configuration list for PBXNativeTarget "Demo" */;
			buildPhases = (
				52311742224220BB009DA11E /* Sources */,
				52311743224220BB009DA11E /* Frameworks */,
				52311744224220BB009DA11E /* Resources */,
				52311776224223D5009DA11E /* swiftlint */,
			);
			buildRules = (
			);
			dependencies = (
			);
			name = Demo;
			productName = Demo;
			productReference = 52311746224220BB009DA11E /* Demo.app */;
			productType = "com.apple.product-type.application";
		};
/* End PBXNativeTarget section */

/* Begin PBXProject section */
		5231173E224220BB009DA11E /* Project object */ = {
			isa = PBXProject;
			attributes = {
				LastSwiftUpdateCheck = 1010;
				LastUpgradeCheck = 1120;
				ORGANIZATIONNAME = Ganguo;
				TargetAttributes = {
					52311745224220BB009DA11E = {
						CreatedOnToolsVersion = 10.1;
					};
				};
			};
			buildConfigurationList = 52311741224220BB009DA11E /* Build configuration list for PBXProject "Demo" */;
			compatibilityVersion = "Xcode 9.3";
			developmentRegion = en;
			hasScannedForEncodings = 0;
			knownRegions = (
				en,
				Base,
				"zh-Hans",
			);
			mainGroup = 5231173D224220BB009DA11E;
			productRefGroup = 52311747224220BB009DA11E /* Products */;
			projectDirPath = "";
			projectRoot = "";
			targets = (
				52311745224220BB009DA11E /* Demo */,
			);
		};
/* End PBXProject section */

/* Begin PBXResourcesBuildPhase section */
		52311744224220BB009DA11E /* Resources */ = {
			isa = PBXResourcesBuildPhase;
			buildActionMask = 2147483647;
			files = (
				52311754224220BC009DA11E /* LaunchScreen.storyboard in Resources */,
				52311751224220BC009DA11E /* Assets.xcassets in Resources */,
				5231174F224220BB009DA11E /* Main.storyboard in Resources */,
			);
			runOnlyForDeploymentPostprocessing = 0;
		};
/* End PBXResourcesBuildPhase section */

/* Begin PBXShellScriptBuildPhase section */
		52311776224223D5009DA11E /* swiftlint */ = {
			isa = PBXShellScriptBuildPhase;
			buildActionMask = 2147483647;
			files = (
			);
			inputFileListPaths = (
			);
			inputPaths = (
			);
			name = swiftlint;
			outputFileListPaths = (
			);
			outputPaths = (
			);
			runOnlyForDeploymentPostprocessing = 0;
			shellPath = /bin/sh;
			shellScript = "if which swiftlint >/dev/null; then\n  swiftlint\nelse\n  echo \"warning: SwiftLint not installed, download from https://github.com/realm/SwiftLint\"\nfi\n";
		};
/* End PBXShellScriptBuildPhase section */

/* Begin PBXSourcesBuildPhase section */
		52311742224220BB009DA11E /* Sources */ = {
			isa = PBXSourcesBuildPhase;
			buildActionMask = 2147483647;
			files = (
				52EB3C2723B3171F00912F71 /* ViewModelBinding.swift in Sources */,
				52EB3C0223B3171F00912F71 /* Globals.swift in Sources */,
				52EB3C0623B3171F00912F71 /* Date+Formatter.swift in Sources */,
				52EB3C1B23B3171F00912F71 /* InpuctNotifyViewController.swift in Sources */,
				52EB3C1623B3171F00912F71 /* Int+Transform.swift in Sources */,
				5231174C224220BB009DA11E /* ViewController.swift in Sources */,
				52EB3C0A23B3171F00912F71 /* UIView+Closures.swift in Sources */,
				52EB3BF023B3171F00912F71 /* LayoutConstraint.swift in Sources */,
				52EB3C2923B3171F00912F71 /* NSObject+Convenient.swift in Sources */,
				52EB3C1D23B3171F00912F71 /* UIViewController+Rotate.swift in Sources */,
				52EB3BFC23B3171F00912F71 /* UIView+Convenient.swift in Sources */,
				52EB3C0023B3171F00912F71 /* CALayer+Sketch.swift in Sources */,
				5231174A224220BB009DA11E /* AppDelegate.swift in Sources */,
				52EB3BE923B3171F00912F71 /* UIImage+FixOrientation.swift in Sources */,
				52EB3C0C23B3171F00912F71 /* UIControl+Closures.swift in Sources */,
				52EB3C1523B3171F00912F71 /* UIBarButtonItem+Convenient.swift in Sources */,
				52EB3BF323B3171F00912F71 /* CustomButton.swift in Sources */,
				52EB3C0D23B3171F00912F71 /* GestureClosure.swift in Sources */,
				52EB3C0923B3171F00912F71 /* UIGestureRecognizer+Closures.swift in Sources */,
				52EB3BF423B3171F00912F71 /* SingleLineButton.swift in Sources */,
				52EB3BFE23B3171F00912F71 /* UIView+Find.swift in Sources */,
				52EB3C2823B3171F00912F71 /* NSObject+Associate.swift in Sources */,
				52EB3C0123B3171F00912F71 /* ElegantUI.swift in Sources */,
				52EB3BED23B3171F00912F71 /* ScrollDirectionTracker.swift in Sources */,
				52EB3C2A23B3171F00912F71 /* PhotoPickerHelper.swift in Sources */,
				52EB3C0423B3171F00912F71 /* UIDevice+.swift in Sources */,
				52EB3BF523B3171F00912F71 /* LayoutButton.swift in Sources */,
				52EB3BF923B3171F00912F71 /* Decodable+Convenient.swift in Sources */,
				52EB3C2323B3171F00912F71 /* String+Range.swift in Sources */,
				52EB3C2423B3171F00912F71 /* Lorem.swift in Sources */,
				52EB3C2023B3171F00912F71 /* UISearchBar+Convenient.swift in Sources */,
				52EB3C2B23B3171F00912F71 /* PhotoSaveHelper.swift in Sources */,
				52EB3C1923B3171F00912F71 /* CLLocationCoordinate2D+Transform.swift in Sources */,
				52EB3C1123B3171F00912F71 /* UICollectionViewLeftAlignedLayout.swift in Sources */,
				52EB3C2123B3171F00912F71 /* UIControl+EnlargeEdge.swift in Sources */,
				52EB3BE823B3171F00912F71 /* UIImage+Convenient.swift in Sources */,
				52EB3BFB23B3171F00912F71 /* Codable+.swift in Sources */,
				52EB3BEC23B3171F00912F71 /* UserDefaults+Convience.swift in Sources */,
				52EB3C0723B3171F00912F71 /* DateTimer.swift in Sources */,
				52EB3C1F23B3171F00912F71 /* UITableView+Convenient.swift in Sources */,
				52EB3BFA23B3171F00912F71 /* Encodable+Convenient.swift in Sources */,
				52EB3C1823B3171F00912F71 /* Int+Random.swift in Sources */,
				52EB3C2623B3171F00912F71 /* String+Attributed.swift in Sources */,
				52EB3C1023B3171F00912F71 /* UITextView+Fix.swift in Sources */,
				52EB3C2D23B3171F00912F71 /* CustomTextField.swift in Sources */,
				52EB3BF823B3171F00912F71 /* DispatchQueue+Delay.swift in Sources */,
				52EB3C1E23B3171F00912F71 /* UIViewController+Find.swift in Sources */,
				52EB3C0B23B3171F00912F71 /* UIBarButtonItem+Closures.swift in Sources */,
				52EB3BEB23B3171F00912F71 /* SizeHelper.swift in Sources */,
				52EB3BEF23B3171F00912F71 /* UIView+Constraint.swift in Sources */,
				52EB3BF223B3171F00912F71 /* UILabel+TapAction.swift in Sources */,
				52EB3C2523B3171F00912F71 /* String+Tool.swift in Sources */,
				52EB3C1A23B3171F00912F71 /* MapOPenURL.swift in Sources */,
				52EB3BFD23B3171F00912F71 /* UIView+Style.swift in Sources */,
				52EB3C0823B3171F00912F71 /* SwiftTimer.swift in Sources */,
				52EB3C2223B3171F00912F71 /* String+Size.swift in Sources */,
				52EB3BFF23B3171F00912F71 /* SingleLineView.swift in Sources */,
				52EB3BEE23B3171F00912F71 /* UIScrollView+Convenient.swift in Sources */,
				52EB3C0323B3171F00912F71 /* UIFont+Size.swift in Sources */,
				52EB3C1C23B3171F00912F71 /* UIViewController+Convenient.swift in Sources */,
				52EB3C1723B3171F00912F71 /* Double+Transform.swift in Sources */,
				52EB3BF723B3171F00912F71 /* DispatchQueue+Once.swift in Sources */,
				52EB3C2E23B3171F00912F71 /* UITextField+Slice.swift in Sources */,
				52EB3BF623B3171F00912F71 /* CountdownButton.swift in Sources */,
				52EB3BF123B3171F00912F71 /* InsetLabel.swift in Sources */,
				52EB3C1323B3171F00912F71 /* CollectionViewCenteredFlowLayout.swift in Sources */,
				52EB3C0523B3171F00912F71 /* Device.generated.swift in Sources */,
				52EB3BEA23B3171F00912F71 /* UIImage+Draw.swift in Sources */,
				52EB3C0F23B3171F00912F71 /* UITextView+Slice.swift in Sources */,
				52EB3C2C23B3171F00912F71 /* ImageCropperViewController.swift in Sources */,
				52EB3C1223B3171F00912F71 /* WaterfallLayout.swift in Sources */,
				52EB3C0E23B3171F00912F71 /* ClosureHandler.swift in Sources */,
				52EB3C1423B3171F00912F71 /* CustomBarButtonItem.swift in Sources */,
			);
			runOnlyForDeploymentPostprocessing = 0;
		};
/* End PBXSourcesBuildPhase section */

/* Begin PBXVariantGroup section */
		5231174D224220BB009DA11E /* Main.storyboard */ = {
			isa = PBXVariantGroup;
			children = (
				5231174E224220BB009DA11E /* Base */,
			);
			name = Main.storyboard;
			sourceTree = "<group>";
		};
		52311752224220BC009DA11E /* LaunchScreen.storyboard */ = {
			isa = PBXVariantGroup;
			children = (
				52311753224220BC009DA11E /* Base */,
			);
			name = LaunchScreen.storyboard;
			sourceTree = "<group>";
		};
/* End PBXVariantGroup section */

/* Begin XCBuildConfiguration section */
		52311756224220BC009DA11E /* Debug */ = {
			isa = XCBuildConfiguration;
			buildSettings = {
				ALWAYS_SEARCH_USER_PATHS = NO;
				CLANG_ANALYZER_LOCALIZABILITY_NONLOCALIZED = YES;
				CLANG_ANALYZER_NONNULL = YES;
				CLANG_ANALYZER_NUMBER_OBJECT_CONVERSION = YES_AGGRESSIVE;
				CLANG_CXX_LANGUAGE_STANDARD = "gnu++14";
				CLANG_CXX_LIBRARY = "libc++";
				CLANG_ENABLE_MODULES = YES;
				CLANG_ENABLE_OBJC_ARC = YES;
				CLANG_ENABLE_OBJC_WEAK = YES;
				CLANG_WARN_BLOCK_CAPTURE_AUTORELEASING = YES;
				CLANG_WARN_BOOL_CONVERSION = YES;
				CLANG_WARN_COMMA = YES;
				CLANG_WARN_CONSTANT_CONVERSION = YES;
				CLANG_WARN_DEPRECATED_OBJC_IMPLEMENTATIONS = YES;
				CLANG_WARN_DIRECT_OBJC_ISA_USAGE = YES_ERROR;
				CLANG_WARN_DOCUMENTATION_COMMENTS = YES;
				CLANG_WARN_EMPTY_BODY = YES;
				CLANG_WARN_ENUM_CONVERSION = YES;
				CLANG_WARN_INFINITE_RECURSION = YES;
				CLANG_WARN_INT_CONVERSION = YES;
				CLANG_WARN_NON_LITERAL_NULL_CONVERSION = YES;
				CLANG_WARN_OBJC_IMPLICIT_RETAIN_SELF = YES;
				CLANG_WARN_OBJC_LITERAL_CONVERSION = YES;
				CLANG_WARN_OBJC_ROOT_CLASS = YES_ERROR;
				CLANG_WARN_RANGE_LOOP_ANALYSIS = YES;
				CLANG_WARN_STRICT_PROTOTYPES = YES;
				CLANG_WARN_SUSPICIOUS_MOVE = YES;
				CLANG_WARN_UNGUARDED_AVAILABILITY = YES_AGGRESSIVE;
				CLANG_WARN_UNREACHABLE_CODE = YES;
				CLANG_WARN__DUPLICATE_METHOD_MATCH = YES;
				CODE_SIGN_IDENTITY = "iPhone Developer";
				COPY_PHASE_STRIP = NO;
				DEBUG_INFORMATION_FORMAT = dwarf;
				ENABLE_STRICT_OBJC_MSGSEND = YES;
				ENABLE_TESTABILITY = YES;
				GCC_C_LANGUAGE_STANDARD = gnu11;
				GCC_DYNAMIC_NO_PIC = NO;
				GCC_NO_COMMON_BLOCKS = YES;
				GCC_OPTIMIZATION_LEVEL = 0;
				GCC_PREPROCESSOR_DEFINITIONS = (
					"DEBUG=1",
					"$(inherited)",
				);
				GCC_WARN_64_TO_32_BIT_CONVERSION = YES;
				GCC_WARN_ABOUT_RETURN_TYPE = YES_ERROR;
				GCC_WARN_UNDECLARED_SELECTOR = YES;
				GCC_WARN_UNINITIALIZED_AUTOS = YES_AGGRESSIVE;
				GCC_WARN_UNUSED_FUNCTION = YES;
				GCC_WARN_UNUSED_VARIABLE = YES;
				IPHONEOS_DEPLOYMENT_TARGET = 9.0;
				MTL_ENABLE_DEBUG_INFO = INCLUDE_SOURCE;
				MTL_FAST_MATH = YES;
				ONLY_ACTIVE_ARCH = YES;
				SDKROOT = iphoneos;
				SWIFT_ACTIVE_COMPILATION_CONDITIONS = DEBUG;
				SWIFT_OPTIMIZATION_LEVEL = "-Onone";
			};
			name = Debug;
		};
		52311757224220BC009DA11E /* Release */ = {
			isa = XCBuildConfiguration;
			buildSettings = {
				ALWAYS_SEARCH_USER_PATHS = NO;
				CLANG_ANALYZER_LOCALIZABILITY_NONLOCALIZED = YES;
				CLANG_ANALYZER_NONNULL = YES;
				CLANG_ANALYZER_NUMBER_OBJECT_CONVERSION = YES_AGGRESSIVE;
				CLANG_CXX_LANGUAGE_STANDARD = "gnu++14";
				CLANG_CXX_LIBRARY = "libc++";
				CLANG_ENABLE_MODULES = YES;
				CLANG_ENABLE_OBJC_ARC = YES;
				CLANG_ENABLE_OBJC_WEAK = YES;
				CLANG_WARN_BLOCK_CAPTURE_AUTORELEASING = YES;
				CLANG_WARN_BOOL_CONVERSION = YES;
				CLANG_WARN_COMMA = YES;
				CLANG_WARN_CONSTANT_CONVERSION = YES;
				CLANG_WARN_DEPRECATED_OBJC_IMPLEMENTATIONS = YES;
				CLANG_WARN_DIRECT_OBJC_ISA_USAGE = YES_ERROR;
				CLANG_WARN_DOCUMENTATION_COMMENTS = YES;
				CLANG_WARN_EMPTY_BODY = YES;
				CLANG_WARN_ENUM_CONVERSION = YES;
				CLANG_WARN_INFINITE_RECURSION = YES;
				CLANG_WARN_INT_CONVERSION = YES;
				CLANG_WARN_NON_LITERAL_NULL_CONVERSION = YES;
				CLANG_WARN_OBJC_IMPLICIT_RETAIN_SELF = YES;
				CLANG_WARN_OBJC_LITERAL_CONVERSION = YES;
				CLANG_WARN_OBJC_ROOT_CLASS = YES_ERROR;
				CLANG_WARN_RANGE_LOOP_ANALYSIS = YES;
				CLANG_WARN_STRICT_PROTOTYPES = YES;
				CLANG_WARN_SUSPICIOUS_MOVE = YES;
				CLANG_WARN_UNGUARDED_AVAILABILITY = YES_AGGRESSIVE;
				CLANG_WARN_UNREACHABLE_CODE = YES;
				CLANG_WARN__DUPLICATE_METHOD_MATCH = YES;
				CODE_SIGN_IDENTITY = "iPhone Developer";
				COPY_PHASE_STRIP = NO;
				DEBUG_INFORMATION_FORMAT = "dwarf-with-dsym";
				ENABLE_NS_ASSERTIONS = NO;
				ENABLE_STRICT_OBJC_MSGSEND = YES;
				GCC_C_LANGUAGE_STANDARD = gnu11;
				GCC_NO_COMMON_BLOCKS = YES;
				GCC_WARN_64_TO_32_BIT_CONVERSION = YES;
				GCC_WARN_ABOUT_RETURN_TYPE = YES_ERROR;
				GCC_WARN_UNDECLARED_SELECTOR = YES;
				GCC_WARN_UNINITIALIZED_AUTOS = YES_AGGRESSIVE;
				GCC_WARN_UNUSED_FUNCTION = YES;
				GCC_WARN_UNUSED_VARIABLE = YES;
				IPHONEOS_DEPLOYMENT_TARGET = 9.0;
				MTL_ENABLE_DEBUG_INFO = NO;
				MTL_FAST_MATH = YES;
				SDKROOT = iphoneos;
				SWIFT_COMPILATION_MODE = wholemodule;
				SWIFT_OPTIMIZATION_LEVEL = "-O";
				VALIDATE_PRODUCT = YES;
			};
			name = Release;
		};
		52311759224220BC009DA11E /* Debug */ = {
			isa = XCBuildConfiguration;
			buildSettings = {
				ASSETCATALOG_COMPILER_APPICON_NAME = AppIcon;
				CLANG_OPTIMIZATION_PROFILE_FILE = "";
				CODE_SIGN_STYLE = Automatic;
				DEVELOPMENT_TEAM = GL2VUTHN95;
				INFOPLIST_FILE = Demo/Info.plist;
				IPHONEOS_DEPLOYMENT_TARGET = 9.0;
				LD_RUNPATH_SEARCH_PATHS = (
					"$(inherited)",
					"@executable_path/Frameworks",
				);
				PRODUCT_BUNDLE_IDENTIFIER = ganguo.hk.Demo;
				PRODUCT_NAME = "$(TARGET_NAME)";
				SWIFT_VERSION = 5.0;
				TARGETED_DEVICE_FAMILY = "1,2";
			};
			name = Debug;
		};
		5231175A224220BC009DA11E /* Release */ = {
			isa = XCBuildConfiguration;
			buildSettings = {
				ASSETCATALOG_COMPILER_APPICON_NAME = AppIcon;
				CLANG_OPTIMIZATION_PROFILE_FILE = "";
				CODE_SIGN_STYLE = Automatic;
				DEVELOPMENT_TEAM = GL2VUTHN95;
				INFOPLIST_FILE = Demo/Info.plist;
				IPHONEOS_DEPLOYMENT_TARGET = 9.0;
				LD_RUNPATH_SEARCH_PATHS = (
					"$(inherited)",
					"@executable_path/Frameworks",
				);
				PRODUCT_BUNDLE_IDENTIFIER = ganguo.hk.Demo;
				PRODUCT_NAME = "$(TARGET_NAME)";
				SWIFT_VERSION = 5.0;
				TARGETED_DEVICE_FAMILY = "1,2";
			};
			name = Release;
		};
/* End XCBuildConfiguration section */

/* Begin XCConfigurationList section */
		52311741224220BB009DA11E /* Build configuration list for PBXProject "Demo" */ = {
			isa = XCConfigurationList;
			buildConfigurations = (
				52311756224220BC009DA11E /* Debug */,
				52311757224220BC009DA11E /* Release */,
			);
			defaultConfigurationIsVisible = 0;
			defaultConfigurationName = Release;
		};
		52311758224220BC009DA11E /* Build configuration list for PBXNativeTarget "Demo" */ = {
			isa = XCConfigurationList;
			buildConfigurations = (
				52311759224220BC009DA11E /* Debug */,
				5231175A224220BC009DA11E /* Release */,
			);
			defaultConfigurationIsVisible = 0;
			defaultConfigurationName = Release;
		};
/* End XCConfigurationList section */
	};
	rootObject = 5231173E224220BB009DA11E /* Project object */;
}
