// !$*UTF8*$!
{
	archiveVersion = 1;
	classes = {
	};
	objectVersion = 50;
	objects = {

/* Begin PBXBuildFile section */
		5231174A224220BB009DA11E /* AppDelegate.swift in Sources */ = {isa = PBXBuildFile; fileRef = 52311749224220BB009DA11E /* AppDelegate.swift */; };
		5231174C224220BB009DA11E /* ViewController.swift in Sources */ = {isa = PBXBuildFile; fileRef = 5231174B224220BB009DA11E /* ViewController.swift */; };
		5231174F224220BB009DA11E /* Main.storyboard in Resources */ = {isa = PBXBuildFile; fileRef = 5231174D224220BB009DA11E /* Main.storyboard */; };
		52311751224220BC009DA11E /* Assets.xcassets in Resources */ = {isa = PBXBuildFile; fileRef = 52311750224220BC009DA11E /* Assets.xcassets */; };
		52311754224220BC009DA11E /* LaunchScreen.storyboard in Resources */ = {isa = PBXBuildFile; fileRef = 52311752224220BC009DA11E /* LaunchScreen.storyboard */; };
		524606DE2384EE03007F4255 /* UIImage+Convenient.swift in Sources */ = {isa = PBXBuildFile; fileRef = 524606852384EE03007F4255 /* UIImage+Convenient.swift */; };
		524606DF2384EE03007F4255 /* UIImage+FixOrientation.swift in Sources */ = {isa = PBXBuildFile; fileRef = 524606862384EE03007F4255 /* UIImage+FixOrientation.swift */; };
		524606E02384EE03007F4255 /* UIImage+Draw.swift in Sources */ = {isa = PBXBuildFile; fileRef = 524606872384EE03007F4255 /* UIImage+Draw.swift */; };
		524606E12384EE03007F4255 /* SizeHelper.swift in Sources */ = {isa = PBXBuildFile; fileRef = 524606892384EE03007F4255 /* SizeHelper.swift */; };
		524606E22384EE03007F4255 /* ScrollDirectionTracker.swift in Sources */ = {isa = PBXBuildFile; fileRef = 5246068B2384EE03007F4255 /* ScrollDirectionTracker.swift */; };
		524606E32384EE03007F4255 /* UIScrollView+Convenient.swift in Sources */ = {isa = PBXBuildFile; fileRef = 5246068C2384EE03007F4255 /* UIScrollView+Convenient.swift */; };
		524606E42384EE03007F4255 /* UIView+Constraint.swift in Sources */ = {isa = PBXBuildFile; fileRef = 5246068E2384EE03007F4255 /* UIView+Constraint.swift */; };
		524606E52384EE03007F4255 /* LayoutConstraint.swift in Sources */ = {isa = PBXBuildFile; fileRef = 5246068F2384EE03007F4255 /* LayoutConstraint.swift */; };
		524606E62384EE03007F4255 /* InsetLabel.swift in Sources */ = {isa = PBXBuildFile; fileRef = 524606912384EE03007F4255 /* InsetLabel.swift */; };
		524606E72384EE03007F4255 /* UILabel+TapAction.swift in Sources */ = {isa = PBXBuildFile; fileRef = 524606922384EE03007F4255 /* UILabel+TapAction.swift */; };
		524606E82384EE03007F4255 /* CustomButton.swift in Sources */ = {isa = PBXBuildFile; fileRef = 524606942384EE03007F4255 /* CustomButton.swift */; };
		524606E92384EE03007F4255 /* SingleLineButton.swift in Sources */ = {isa = PBXBuildFile; fileRef = 524606952384EE03007F4255 /* SingleLineButton.swift */; };
		524606EA2384EE03007F4255 /* LayoutButton.swift in Sources */ = {isa = PBXBuildFile; fileRef = 524606962384EE03007F4255 /* LayoutButton.swift */; };
		524606EC2384EE03007F4255 /* DispatchQueue+Delay.swift in Sources */ = {isa = PBXBuildFile; fileRef = 524606992384EE03007F4255 /* DispatchQueue+Delay.swift */; };
		524606ED2384EE03007F4255 /* Decodable+Convenient.swift in Sources */ = {isa = PBXBuildFile; fileRef = 5246069B2384EE03007F4255 /* Decodable+Convenient.swift */; };
		524606EE2384EE03007F4255 /* Encodable+Convenient.swift in Sources */ = {isa = PBXBuildFile; fileRef = 5246069C2384EE03007F4255 /* Encodable+Convenient.swift */; };
		524606EF2384EE03007F4255 /* Codable+.swift in Sources */ = {isa = PBXBuildFile; fileRef = 5246069D2384EE03007F4255 /* Codable+.swift */; };
		524606F02384EE03007F4255 /* UIView+Convenient.swift in Sources */ = {isa = PBXBuildFile; fileRef = 5246069F2384EE03007F4255 /* UIView+Convenient.swift */; };
		524606F12384EE03007F4255 /* UIView+Style.swift in Sources */ = {isa = PBXBuildFile; fileRef = 524606A02384EE03007F4255 /* UIView+Style.swift */; };
		524606F22384EE03007F4255 /* UIView+Find.swift in Sources */ = {isa = PBXBuildFile; fileRef = 524606A12384EE03007F4255 /* UIView+Find.swift */; };
		524606F32384EE03007F4255 /* SingleLineView.swift in Sources */ = {isa = PBXBuildFile; fileRef = 524606A22384EE03007F4255 /* SingleLineView.swift */; };
		524606F42384EE03007F4255 /* GGUI.swift in Sources */ = {isa = PBXBuildFile; fileRef = 524606A42384EE03007F4255 /* GGUI.swift */; };
		524606F52384EE03007F4255 /* Globals.swift in Sources */ = {isa = PBXBuildFile; fileRef = 524606A52384EE03007F4255 /* Globals.swift */; };
		524606F62384EE03007F4255 /* UIFont+Size.swift in Sources */ = {isa = PBXBuildFile; fileRef = 524606A72384EE03007F4255 /* UIFont+Size.swift */; };
		524606F72384EE03007F4255 /* UIDevice+.swift in Sources */ = {isa = PBXBuildFile; fileRef = 524606A92384EE03007F4255 /* UIDevice+.swift */; };
		524606F82384EE03007F4255 /* Device.generated.swift in Sources */ = {isa = PBXBuildFile; fileRef = 524606AA2384EE03007F4255 /* Device.generated.swift */; };
		524606F92384EE03007F4255 /* Date+Formatter.swift in Sources */ = {isa = PBXBuildFile; fileRef = 524606AC2384EE03007F4255 /* Date+Formatter.swift */; };
		524606FA2384EE03007F4255 /* UIGestureRecognizer+Closures.swift in Sources */ = {isa = PBXBuildFile; fileRef = 524606AE2384EE03007F4255 /* UIGestureRecognizer+Closures.swift */; };
		524606FB2384EE03007F4255 /* UIView+Closures.swift in Sources */ = {isa = PBXBuildFile; fileRef = 524606AF2384EE03007F4255 /* UIView+Closures.swift */; };
		524606FC2384EE03007F4255 /* UIBarButtonItem+Closures.swift in Sources */ = {isa = PBXBuildFile; fileRef = 524606B02384EE03007F4255 /* UIBarButtonItem+Closures.swift */; };
		524606FD2384EE03007F4255 /* UIControl+Closures.swift in Sources */ = {isa = PBXBuildFile; fileRef = 524606B12384EE03007F4255 /* UIControl+Closures.swift */; };
		524606FE2384EE03007F4255 /* GestureClosure.swift in Sources */ = {isa = PBXBuildFile; fileRef = 524606B22384EE03007F4255 /* GestureClosure.swift */; };
		524606FF2384EE03007F4255 /* ClosureHandler.swift in Sources */ = {isa = PBXBuildFile; fileRef = 524606B32384EE03007F4255 /* ClosureHandler.swift */; };
		524607002384EE03007F4255 /* UITextView+Slice.swift in Sources */ = {isa = PBXBuildFile; fileRef = 524606B52384EE03007F4255 /* UITextView+Slice.swift */; };
		524607012384EE03007F4255 /* UITextView+Fix.swift in Sources */ = {isa = PBXBuildFile; fileRef = 524606B62384EE03007F4255 /* UITextView+Fix.swift */; };
		524607022384EE03007F4255 /* UICollectionViewLeftAlignedLayout.swift in Sources */ = {isa = PBXBuildFile; fileRef = 524606B82384EE03007F4255 /* UICollectionViewLeftAlignedLayout.swift */; };
		524607032384EE03007F4255 /* WaterfallLayout.swift in Sources */ = {isa = PBXBuildFile; fileRef = 524606B92384EE03007F4255 /* WaterfallLayout.swift */; };
		524607042384EE03007F4255 /* CollectionViewCenteredFlowLayout.swift in Sources */ = {isa = PBXBuildFile; fileRef = 524606BA2384EE03007F4255 /* CollectionViewCenteredFlowLayout.swift */; };
		524607052384EE03007F4255 /* CustomBarButtonItem.swift in Sources */ = {isa = PBXBuildFile; fileRef = 524606BC2384EE03007F4255 /* CustomBarButtonItem.swift */; };
		524607062384EE03007F4255 /* UIBarButtonItem+Convenient.swift in Sources */ = {isa = PBXBuildFile; fileRef = 524606BD2384EE03007F4255 /* UIBarButtonItem+Convenient.swift */; };
		524607072384EE03007F4255 /* Number+Convenient.swift in Sources */ = {isa = PBXBuildFile; fileRef = 524606BF2384EE03007F4255 /* Number+Convenient.swift */; };
		524607082384EE03007F4255 /* CLLocationCoordinate2D+Transform.swift in Sources */ = {isa = PBXBuildFile; fileRef = 524606C12384EE03007F4255 /* CLLocationCoordinate2D+Transform.swift */; };
		524607092384EE03007F4255 /* MapOPenURL.swift in Sources */ = {isa = PBXBuildFile; fileRef = 524606C22384EE03007F4255 /* MapOPenURL.swift */; };
		5246070A2384EE03007F4255 /* InpuctNotifyViewController.swift in Sources */ = {isa = PBXBuildFile; fileRef = 524606C42384EE03007F4255 /* InpuctNotifyViewController.swift */; };
		5246070B2384EE03007F4255 /* UIViewController+Convenient.swift in Sources */ = {isa = PBXBuildFile; fileRef = 524606C52384EE03007F4255 /* UIViewController+Convenient.swift */; };
		5246070C2384EE03007F4255 /* UIViewController+Find.swift in Sources */ = {isa = PBXBuildFile; fileRef = 524606C62384EE03007F4255 /* UIViewController+Find.swift */; };
		5246070D2384EE03007F4255 /* UITableView+Convenient.swift in Sources */ = {isa = PBXBuildFile; fileRef = 524606C82384EE03007F4255 /* UITableView+Convenient.swift */; };
		5246070E2384EE03007F4255 /* UISearchBar+Convenient.swift in Sources */ = {isa = PBXBuildFile; fileRef = 524606CA2384EE03007F4255 /* UISearchBar+Convenient.swift */; };
		5246070F2384EE03007F4255 /* String+Size.swift in Sources */ = {isa = PBXBuildFile; fileRef = 524606CC2384EE03007F4255 /* String+Size.swift */; };
		524607102384EE03007F4255 /* String+Range.swift in Sources */ = {isa = PBXBuildFile; fileRef = 524606CD2384EE03007F4255 /* String+Range.swift */; };
		524607112384EE03007F4255 /* String+Tool.swift in Sources */ = {isa = PBXBuildFile; fileRef = 524606CE2384EE03007F4255 /* String+Tool.swift */; };
		524607122384EE03007F4255 /* String+Attributed.swift in Sources */ = {isa = PBXBuildFile; fileRef = 524606CF2384EE03007F4255 /* String+Attributed.swift */; };
		524607132384EE03007F4255 /* CALayer+Sketch.swift in Sources */ = {isa = PBXBuildFile; fileRef = 524606D12384EE03007F4255 /* CALayer+Sketch.swift */; };
		524607142384EE03007F4255 /* ViewModelBinding.swift in Sources */ = {isa = PBXBuildFile; fileRef = 524606D32384EE03007F4255 /* ViewModelBinding.swift */; };
		524607152384EE03007F4255 /* NSObject+Associate.swift in Sources */ = {isa = PBXBuildFile; fileRef = 524606D52384EE03007F4255 /* NSObject+Associate.swift */; };
		524607162384EE03007F4255 /* NSObject+Convenient.swift in Sources */ = {isa = PBXBuildFile; fileRef = 524606D62384EE03007F4255 /* NSObject+Convenient.swift */; };
		524607172384EE03007F4255 /* PhotoPickerHelper.swift in Sources */ = {isa = PBXBuildFile; fileRef = 524606D82384EE03007F4255 /* PhotoPickerHelper.swift */; };
		524607182384EE03007F4255 /* PhotoSaveHelper.swift in Sources */ = {isa = PBXBuildFile; fileRef = 524606D92384EE03007F4255 /* PhotoSaveHelper.swift */; };
		524607192384EE03007F4255 /* ImageCropperViewController.swift in Sources */ = {isa = PBXBuildFile; fileRef = 524606DA2384EE03007F4255 /* ImageCropperViewController.swift */; };
		5246071A2384EE03007F4255 /* CustomTextField.swift in Sources */ = {isa = PBXBuildFile; fileRef = 524606DC2384EE03007F4255 /* CustomTextField.swift */; };
		5246071B2384EE03007F4255 /* UITextField+Slice.swift in Sources */ = {isa = PBXBuildFile; fileRef = 524606DD2384EE03007F4255 /* UITextField+Slice.swift */; };
		5246071E2384F2E9007F4255 /* UIControl+EnlargeEdge.swift in Sources */ = {isa = PBXBuildFile; fileRef = 5246071D2384F2E9007F4255 /* UIControl+EnlargeEdge.swift */; };
/* End PBXBuildFile section */

/* Begin PBXFileReference section */
		52311746224220BB009DA11E /* Demo.app */ = {isa = PBXFileReference; explicitFileType = wrapper.application; includeInIndex = 0; path = Demo.app; sourceTree = BUILT_PRODUCTS_DIR; };
		52311749224220BB009DA11E /* AppDelegate.swift */ = {isa = PBXFileReference; lastKnownFileType = sourcecode.swift; path = AppDelegate.swift; sourceTree = "<group>"; };
		5231174B224220BB009DA11E /* ViewController.swift */ = {isa = PBXFileReference; lastKnownFileType = sourcecode.swift; path = ViewController.swift; sourceTree = "<group>"; };
		5231174E224220BB009DA11E /* Base */ = {isa = PBXFileReference; lastKnownFileType = file.storyboard; name = Base; path = Base.lproj/Main.storyboard; sourceTree = "<group>"; };
		52311750224220BC009DA11E /* Assets.xcassets */ = {isa = PBXFileReference; lastKnownFileType = folder.assetcatalog; path = Assets.xcassets; sourceTree = "<group>"; };
		52311753224220BC009DA11E /* Base */ = {isa = PBXFileReference; lastKnownFileType = file.storyboard; name = Base; path = Base.lproj/LaunchScreen.storyboard; sourceTree = "<group>"; };
		52311755224220BC009DA11E /* Info.plist */ = {isa = PBXFileReference; lastKnownFileType = text.plist.xml; path = Info.plist; sourceTree = "<group>"; };
		524606852384EE03007F4255 /* UIImage+Convenient.swift */ = {isa = PBXFileReference; fileEncoding = 4; lastKnownFileType = sourcecode.swift; path = "UIImage+Convenient.swift"; sourceTree = "<group>"; };
		524606862384EE03007F4255 /* UIImage+FixOrientation.swift */ = {isa = PBXFileReference; fileEncoding = 4; lastKnownFileType = sourcecode.swift; path = "UIImage+FixOrientation.swift"; sourceTree = "<group>"; };
		524606872384EE03007F4255 /* UIImage+Draw.swift */ = {isa = PBXFileReference; fileEncoding = 4; lastKnownFileType = sourcecode.swift; path = "UIImage+Draw.swift"; sourceTree = "<group>"; };
		524606892384EE03007F4255 /* SizeHelper.swift */ = {isa = PBXFileReference; fileEncoding = 4; lastKnownFileType = sourcecode.swift; path = SizeHelper.swift; sourceTree = "<group>"; };
		5246068B2384EE03007F4255 /* ScrollDirectionTracker.swift */ = {isa = PBXFileReference; fileEncoding = 4; lastKnownFileType = sourcecode.swift; path = ScrollDirectionTracker.swift; sourceTree = "<group>"; };
		5246068C2384EE03007F4255 /* UIScrollView+Convenient.swift */ = {isa = PBXFileReference; fileEncoding = 4; lastKnownFileType = sourcecode.swift; path = "UIScrollView+Convenient.swift"; sourceTree = "<group>"; };
		5246068E2384EE03007F4255 /* UIView+Constraint.swift */ = {isa = PBXFileReference; fileEncoding = 4; lastKnownFileType = sourcecode.swift; path = "UIView+Constraint.swift"; sourceTree = "<group>"; };
		5246068F2384EE03007F4255 /* LayoutConstraint.swift */ = {isa = PBXFileReference; fileEncoding = 4; lastKnownFileType = sourcecode.swift; path = LayoutConstraint.swift; sourceTree = "<group>"; };
		524606912384EE03007F4255 /* InsetLabel.swift */ = {isa = PBXFileReference; fileEncoding = 4; lastKnownFileType = sourcecode.swift; path = InsetLabel.swift; sourceTree = "<group>"; };
		524606922384EE03007F4255 /* UILabel+TapAction.swift */ = {isa = PBXFileReference; fileEncoding = 4; lastKnownFileType = sourcecode.swift; path = "UILabel+TapAction.swift"; sourceTree = "<group>"; };
		524606942384EE03007F4255 /* CustomButton.swift */ = {isa = PBXFileReference; fileEncoding = 4; lastKnownFileType = sourcecode.swift; path = CustomButton.swift; sourceTree = "<group>"; };
		524606952384EE03007F4255 /* SingleLineButton.swift */ = {isa = PBXFileReference; fileEncoding = 4; lastKnownFileType = sourcecode.swift; path = SingleLineButton.swift; sourceTree = "<group>"; };
		524606962384EE03007F4255 /* LayoutButton.swift */ = {isa = PBXFileReference; fileEncoding = 4; lastKnownFileType = sourcecode.swift; path = LayoutButton.swift; sourceTree = "<group>"; };
		524606992384EE03007F4255 /* DispatchQueue+Delay.swift */ = {isa = PBXFileReference; fileEncoding = 4; lastKnownFileType = sourcecode.swift; path = "DispatchQueue+Delay.swift"; sourceTree = "<group>"; };
		5246069B2384EE03007F4255 /* Decodable+Convenient.swift */ = {isa = PBXFileReference; fileEncoding = 4; lastKnownFileType = sourcecode.swift; path = "Decodable+Convenient.swift"; sourceTree = "<group>"; };
		5246069C2384EE03007F4255 /* Encodable+Convenient.swift */ = {isa = PBXFileReference; fileEncoding = 4; lastKnownFileType = sourcecode.swift; path = "Encodable+Convenient.swift"; sourceTree = "<group>"; };
		5246069D2384EE03007F4255 /* Codable+.swift */ = {isa = PBXFileReference; fileEncoding = 4; lastKnownFileType = sourcecode.swift; path = "Codable+.swift"; sourceTree = "<group>"; };
		5246069F2384EE03007F4255 /* UIView+Convenient.swift */ = {isa = PBXFileReference; fileEncoding = 4; lastKnownFileType = sourcecode.swift; path = "UIView+Convenient.swift"; sourceTree = "<group>"; };
		524606A02384EE03007F4255 /* UIView+Style.swift */ = {isa = PBXFileReference; fileEncoding = 4; lastKnownFileType = sourcecode.swift; path = "UIView+Style.swift"; sourceTree = "<group>"; };
		524606A12384EE03007F4255 /* UIView+Find.swift */ = {isa = PBXFileReference; fileEncoding = 4; lastKnownFileType = sourcecode.swift; path = "UIView+Find.swift"; sourceTree = "<group>"; };
		524606A22384EE03007F4255 /* SingleLineView.swift */ = {isa = PBXFileReference; fileEncoding = 4; lastKnownFileType = sourcecode.swift; path = SingleLineView.swift; sourceTree = "<group>"; };
		524606A42384EE03007F4255 /* GGUI.swift */ = {isa = PBXFileReference; fileEncoding = 4; lastKnownFileType = sourcecode.swift; path = GGUI.swift; sourceTree = "<group>"; };
		524606A52384EE03007F4255 /* Globals.swift */ = {isa = PBXFileReference; fileEncoding = 4; lastKnownFileType = sourcecode.swift; path = Globals.swift; sourceTree = "<group>"; };
		524606A72384EE03007F4255 /* UIFont+Size.swift */ = {isa = PBXFileReference; fileEncoding = 4; lastKnownFileType = sourcecode.swift; path = "UIFont+Size.swift"; sourceTree = "<group>"; };
		524606A92384EE03007F4255 /* UIDevice+.swift */ = {isa = PBXFileReference; fileEncoding = 4; lastKnownFileType = sourcecode.swift; path = "UIDevice+.swift"; sourceTree = "<group>"; };
		524606AA2384EE03007F4255 /* Device.generated.swift */ = {isa = PBXFileReference; fileEncoding = 4; lastKnownFileType = sourcecode.swift; path = Device.generated.swift; sourceTree = "<group>"; };
		524606AC2384EE03007F4255 /* Date+Formatter.swift */ = {isa = PBXFileReference; fileEncoding = 4; lastKnownFileType = sourcecode.swift; path = "Date+Formatter.swift"; sourceTree = "<group>"; };
		524606AE2384EE03007F4255 /* UIGestureRecognizer+Closures.swift */ = {isa = PBXFileReference; fileEncoding = 4; lastKnownFileType = sourcecode.swift; path = "UIGestureRecognizer+Closures.swift"; sourceTree = "<group>"; };
		524606AF2384EE03007F4255 /* UIView+Closures.swift */ = {isa = PBXFileReference; fileEncoding = 4; lastKnownFileType = sourcecode.swift; path = "UIView+Closures.swift"; sourceTree = "<group>"; };
		524606B02384EE03007F4255 /* UIBarButtonItem+Closures.swift */ = {isa = PBXFileReference; fileEncoding = 4; lastKnownFileType = sourcecode.swift; path = "UIBarButtonItem+Closures.swift"; sourceTree = "<group>"; };
		524606B12384EE03007F4255 /* UIControl+Closures.swift */ = {isa = PBXFileReference; fileEncoding = 4; lastKnownFileType = sourcecode.swift; path = "UIControl+Closures.swift"; sourceTree = "<group>"; };
		524606B22384EE03007F4255 /* GestureClosure.swift */ = {isa = PBXFileReference; fileEncoding = 4; lastKnownFileType = sourcecode.swift; path = GestureClosure.swift; sourceTree = "<group>"; };
		524606B32384EE03007F4255 /* ClosureHandler.swift */ = {isa = PBXFileReference; fileEncoding = 4; lastKnownFileType = sourcecode.swift; path = ClosureHandler.swift; sourceTree = "<group>"; };
		524606B52384EE03007F4255 /* UITextView+Slice.swift */ = {isa = PBXFileReference; fileEncoding = 4; lastKnownFileType = sourcecode.swift; path = "UITextView+Slice.swift"; sourceTree = "<group>"; };
		524606B62384EE03007F4255 /* UITextView+Fix.swift */ = {isa = PBXFileReference; fileEncoding = 4; lastKnownFileType = sourcecode.swift; path = "UITextView+Fix.swift"; sourceTree = "<group>"; };
		524606B82384EE03007F4255 /* UICollectionViewLeftAlignedLayout.swift */ = {isa = PBXFileReference; fileEncoding = 4; lastKnownFileType = sourcecode.swift; path = UICollectionViewLeftAlignedLayout.swift; sourceTree = "<group>"; };
		524606B92384EE03007F4255 /* WaterfallLayout.swift */ = {isa = PBXFileReference; fileEncoding = 4; lastKnownFileType = sourcecode.swift; path = WaterfallLayout.swift; sourceTree = "<group>"; };
		524606BA2384EE03007F4255 /* CollectionViewCenteredFlowLayout.swift */ = {isa = PBXFileReference; fileEncoding = 4; lastKnownFileType = sourcecode.swift; path = CollectionViewCenteredFlowLayout.swift; sourceTree = "<group>"; };
		524606BC2384EE03007F4255 /* CustomBarButtonItem.swift */ = {isa = PBXFileReference; fileEncoding = 4; lastKnownFileType = sourcecode.swift; path = CustomBarButtonItem.swift; sourceTree = "<group>"; };
		524606BD2384EE03007F4255 /* UIBarButtonItem+Convenient.swift */ = {isa = PBXFileReference; fileEncoding = 4; lastKnownFileType = sourcecode.swift; path = "UIBarButtonItem+Convenient.swift"; sourceTree = "<group>"; };
		524606BF2384EE03007F4255 /* Number+Convenient.swift */ = {isa = PBXFileReference; fileEncoding = 4; lastKnownFileType = sourcecode.swift; path = "Number+Convenient.swift"; sourceTree = "<group>"; };
		524606C12384EE03007F4255 /* CLLocationCoordinate2D+Transform.swift */ = {isa = PBXFileReference; fileEncoding = 4; lastKnownFileType = sourcecode.swift; path = "CLLocationCoordinate2D+Transform.swift"; sourceTree = "<group>"; };
		524606C22384EE03007F4255 /* MapOPenURL.swift */ = {isa = PBXFileReference; fileEncoding = 4; lastKnownFileType = sourcecode.swift; path = MapOPenURL.swift; sourceTree = "<group>"; };
		524606C42384EE03007F4255 /* InpuctNotifyViewController.swift */ = {isa = PBXFileReference; fileEncoding = 4; lastKnownFileType = sourcecode.swift; path = InpuctNotifyViewController.swift; sourceTree = "<group>"; };
		524606C52384EE03007F4255 /* UIViewController+Convenient.swift */ = {isa = PBXFileReference; fileEncoding = 4; lastKnownFileType = sourcecode.swift; path = "UIViewController+Convenient.swift"; sourceTree = "<group>"; };
		524606C62384EE03007F4255 /* UIViewController+Find.swift */ = {isa = PBXFileReference; fileEncoding = 4; lastKnownFileType = sourcecode.swift; path = "UIViewController+Find.swift"; sourceTree = "<group>"; };
		524606C82384EE03007F4255 /* UITableView+Convenient.swift */ = {isa = PBXFileReference; fileEncoding = 4; lastKnownFileType = sourcecode.swift; path = "UITableView+Convenient.swift"; sourceTree = "<group>"; };
		524606CA2384EE03007F4255 /* UISearchBar+Convenient.swift */ = {isa = PBXFileReference; fileEncoding = 4; lastKnownFileType = sourcecode.swift; path = "UISearchBar+Convenient.swift"; sourceTree = "<group>"; };
		524606CC2384EE03007F4255 /* String+Size.swift */ = {isa = PBXFileReference; fileEncoding = 4; lastKnownFileType = sourcecode.swift; path = "String+Size.swift"; sourceTree = "<group>"; };
		524606CD2384EE03007F4255 /* String+Range.swift */ = {isa = PBXFileReference; fileEncoding = 4; lastKnownFileType = sourcecode.swift; path = "String+Range.swift"; sourceTree = "<group>"; };
		524606CE2384EE03007F4255 /* String+Tool.swift */ = {isa = PBXFileReference; fileEncoding = 4; lastKnownFileType = sourcecode.swift; path = "String+Tool.swift"; sourceTree = "<group>"; };
		524606CF2384EE03007F4255 /* String+Attributed.swift */ = {isa = PBXFileReference; fileEncoding = 4; lastKnownFileType = sourcecode.swift; path = "String+Attributed.swift"; sourceTree = "<group>"; };
		524606D12384EE03007F4255 /* CALayer+Sketch.swift */ = {isa = PBXFileReference; fileEncoding = 4; lastKnownFileType = sourcecode.swift; path = "CALayer+Sketch.swift"; sourceTree = "<group>"; };
		524606D32384EE03007F4255 /* ViewModelBinding.swift */ = {isa = PBXFileReference; fileEncoding = 4; lastKnownFileType = sourcecode.swift; path = ViewModelBinding.swift; sourceTree = "<group>"; };
		524606D52384EE03007F4255 /* NSObject+Associate.swift */ = {isa = PBXFileReference; fileEncoding = 4; lastKnownFileType = sourcecode.swift; path = "NSObject+Associate.swift"; sourceTree = "<group>"; };
		524606D62384EE03007F4255 /* NSObject+Convenient.swift */ = {isa = PBXFileReference; fileEncoding = 4; lastKnownFileType = sourcecode.swift; path = "NSObject+Convenient.swift"; sourceTree = "<group>"; };
		524606D82384EE03007F4255 /* PhotoPickerHelper.swift */ = {isa = PBXFileReference; fileEncoding = 4; lastKnownFileType = sourcecode.swift; path = PhotoPickerHelper.swift; sourceTree = "<group>"; };
		524606D92384EE03007F4255 /* PhotoSaveHelper.swift */ = {isa = PBXFileReference; fileEncoding = 4; lastKnownFileType = sourcecode.swift; path = PhotoSaveHelper.swift; sourceTree = "<group>"; };
		524606DA2384EE03007F4255 /* ImageCropperViewController.swift */ = {isa = PBXFileReference; fileEncoding = 4; lastKnownFileType = sourcecode.swift; path = ImageCropperViewController.swift; sourceTree = "<group>"; };
		524606DC2384EE03007F4255 /* CustomTextField.swift */ = {isa = PBXFileReference; fileEncoding = 4; lastKnownFileType = sourcecode.swift; path = CustomTextField.swift; sourceTree = "<group>"; };
		524606DD2384EE03007F4255 /* UITextField+Slice.swift */ = {isa = PBXFileReference; fileEncoding = 4; lastKnownFileType = sourcecode.swift; path = "UITextField+Slice.swift"; sourceTree = "<group>"; };
		5246071D2384F2E9007F4255 /* UIControl+EnlargeEdge.swift */ = {isa = PBXFileReference; fileEncoding = 4; lastKnownFileType = sourcecode.swift; path = "UIControl+EnlargeEdge.swift"; sourceTree = "<group>"; };
		F33725A8DB54E01249AF6D6C /* Pods_Demo.framework */ = {isa = PBXFileReference; explicitFileType = wrapper.framework; includeInIndex = 0; path = Pods_Demo.framework; sourceTree = BUILT_PRODUCTS_DIR; };
/* End PBXFileReference section */

/* Begin PBXFrameworksBuildPhase section */
		52311743224220BB009DA11E /* Frameworks */ = {
			isa = PBXFrameworksBuildPhase;
			buildActionMask = 2147483647;
			files = (
			);
			runOnlyForDeploymentPostprocessing = 0;
		};
/* End PBXFrameworksBuildPhase section */

/* Begin PBXGroup section */
		5231173D224220BB009DA11E = {
			isa = PBXGroup;
			children = (
				524606832384EE03007F4255 /* Source */,
				52311748224220BB009DA11E /* Demo */,
				52311747224220BB009DA11E /* Products */,
				FF23ACAC068A80CC488968BE /* Frameworks */,
			);
			sourceTree = "<group>";
		};
		52311747224220BB009DA11E /* Products */ = {
			isa = PBXGroup;
			children = (
				52311746224220BB009DA11E /* Demo.app */,
			);
			name = Products;
			sourceTree = "<group>";
		};
		52311748224220BB009DA11E /* Demo */ = {
			isa = PBXGroup;
			children = (
				52311749224220BB009DA11E /* AppDelegate.swift */,
				5231174B224220BB009DA11E /* ViewController.swift */,
				5231174D224220BB009DA11E /* Main.storyboard */,
				52311750224220BC009DA11E /* Assets.xcassets */,
				52311752224220BC009DA11E /* LaunchScreen.storyboard */,
				52311755224220BC009DA11E /* Info.plist */,
			);
			path = Demo;
			sourceTree = "<group>";
		};
		524606832384EE03007F4255 /* Source */ = {
			isa = PBXGroup;
			children = (
				5246068D2384EE03007F4255 /* AutoLayout */,
				524606D02384EE03007F4255 /* CALayer */,
				5246069A2384EE03007F4255 /* Codable */,
				524606AB2384EE03007F4255 /* Date */,
				524606A82384EE03007F4255 /* DeviceKit */,
				524606982384EE03007F4255 /* DispatchQueue */,
				524606A32384EE03007F4255 /* General */,
				524606AD2384EE03007F4255 /* GestureClosures */,
				524606C02384EE03007F4255 /* MapKit */,
				524606D42384EE03007F4255 /* NSObject */,
				524606BE2384EE03007F4255 /* Number */,
				524606D72384EE03007F4255 /* Photos */,
				524606882384EE03007F4255 /* SizeHelper */,
				524606CB2384EE03007F4255 /* String */,
				524606BB2384EE03007F4255 /* UIBarButtonItem */,
				524606932384EE03007F4255 /* UIButton */,
				524606B72384EE03007F4255 /* UICollectionView */,
				5246071C2384F2E9007F4255 /* UIControl */,
				524606A62384EE03007F4255 /* UIFont */,
				524606842384EE03007F4255 /* UIImage */,
				524606902384EE03007F4255 /* UILabel */,
				5246068A2384EE03007F4255 /* UIScrollView */,
				524606C92384EE03007F4255 /* UISearchBar */,
				524606C72384EE03007F4255 /* UITableView */,
				524606DB2384EE03007F4255 /* UITextField */,
				524606B42384EE03007F4255 /* UITextView */,
				5246069E2384EE03007F4255 /* UIView */,
				524606C32384EE03007F4255 /* UIViewController */,
				524606D22384EE03007F4255 /* ViewModelBinding */,
			);
			name = Source;
			path = ../Source;
			sourceTree = "<group>";
		};
		524606842384EE03007F4255 /* UIImage */ = {
			isa = PBXGroup;
			children = (
				524606852384EE03007F4255 /* UIImage+Convenient.swift */,
				524606862384EE03007F4255 /* UIImage+FixOrientation.swift */,
				524606872384EE03007F4255 /* UIImage+Draw.swift */,
			);
			path = UIImage;
			sourceTree = "<group>";
		};
		524606882384EE03007F4255 /* SizeHelper */ = {
			isa = PBXGroup;
			children = (
				524606892384EE03007F4255 /* SizeHelper.swift */,
			);
			path = SizeHelper;
			sourceTree = "<group>";
		};
		5246068A2384EE03007F4255 /* UIScrollView */ = {
			isa = PBXGroup;
			children = (
				5246068B2384EE03007F4255 /* ScrollDirectionTracker.swift */,
				5246068C2384EE03007F4255 /* UIScrollView+Convenient.swift */,
			);
			path = UIScrollView;
			sourceTree = "<group>";
		};
		5246068D2384EE03007F4255 /* AutoLayout */ = {
			isa = PBXGroup;
			children = (
				5246068E2384EE03007F4255 /* UIView+Constraint.swift */,
				5246068F2384EE03007F4255 /* LayoutConstraint.swift */,
			);
			path = AutoLayout;
			sourceTree = "<group>";
		};
		524606902384EE03007F4255 /* UILabel */ = {
			isa = PBXGroup;
			children = (
				524606912384EE03007F4255 /* InsetLabel.swift */,
				524606922384EE03007F4255 /* UILabel+TapAction.swift */,
			);
			path = UILabel;
			sourceTree = "<group>";
		};
		524606932384EE03007F4255 /* UIButton */ = {
			isa = PBXGroup;
			children = (
				524606942384EE03007F4255 /* CustomButton.swift */,
				524606952384EE03007F4255 /* SingleLineButton.swift */,
				524606962384EE03007F4255 /* LayoutButton.swift */,
			);
			path = UIButton;
			sourceTree = "<group>";
		};
		524606982384EE03007F4255 /* DispatchQueue */ = {
			isa = PBXGroup;
			children = (
				524606992384EE03007F4255 /* DispatchQueue+Delay.swift */,
			);
			path = DispatchQueue;
			sourceTree = "<group>";
		};
		5246069A2384EE03007F4255 /* Codable */ = {
			isa = PBXGroup;
			children = (
				5246069B2384EE03007F4255 /* Decodable+Convenient.swift */,
				5246069C2384EE03007F4255 /* Encodable+Convenient.swift */,
				5246069D2384EE03007F4255 /* Codable+.swift */,
			);
			path = Codable;
			sourceTree = "<group>";
		};
		5246069E2384EE03007F4255 /* UIView */ = {
			isa = PBXGroup;
			children = (
				5246069F2384EE03007F4255 /* UIView+Convenient.swift */,
				524606A02384EE03007F4255 /* UIView+Style.swift */,
				524606A12384EE03007F4255 /* UIView+Find.swift */,
				524606A22384EE03007F4255 /* SingleLineView.swift */,
			);
			path = UIView;
			sourceTree = "<group>";
		};
		524606A32384EE03007F4255 /* General */ = {
			isa = PBXGroup;
			children = (
				524606A42384EE03007F4255 /* GGUI.swift */,
				524606A52384EE03007F4255 /* Globals.swift */,
			);
			path = General;
			sourceTree = "<group>";
		};
		524606A62384EE03007F4255 /* UIFont */ = {
			isa = PBXGroup;
			children = (
				524606A72384EE03007F4255 /* UIFont+Size.swift */,
			);
			path = UIFont;
			sourceTree = "<group>";
		};
		524606A82384EE03007F4255 /* DeviceKit */ = {
			isa = PBXGroup;
			children = (
				524606A92384EE03007F4255 /* UIDevice+.swift */,
				524606AA2384EE03007F4255 /* Device.generated.swift */,
			);
			path = DeviceKit;
			sourceTree = "<group>";
		};
		524606AB2384EE03007F4255 /* Date */ = {
			isa = PBXGroup;
			children = (
				524606AC2384EE03007F4255 /* Date+Formatter.swift */,
			);
			path = Date;
			sourceTree = "<group>";
		};
		524606AD2384EE03007F4255 /* GestureClosures */ = {
			isa = PBXGroup;
			children = (
				524606AE2384EE03007F4255 /* UIGestureRecognizer+Closures.swift */,
				524606AF2384EE03007F4255 /* UIView+Closures.swift */,
				524606B02384EE03007F4255 /* UIBarButtonItem+Closures.swift */,
				524606B12384EE03007F4255 /* UIControl+Closures.swift */,
				524606B22384EE03007F4255 /* GestureClosure.swift */,
				524606B32384EE03007F4255 /* ClosureHandler.swift */,
			);
			path = GestureClosures;
			sourceTree = "<group>";
		};
		524606B42384EE03007F4255 /* UITextView */ = {
			isa = PBXGroup;
			children = (
				524606B52384EE03007F4255 /* UITextView+Slice.swift */,
				524606B62384EE03007F4255 /* UITextView+Fix.swift */,
			);
			path = UITextView;
			sourceTree = "<group>";
		};
		524606B72384EE03007F4255 /* UICollectionView */ = {
			isa = PBXGroup;
			children = (
				524606B82384EE03007F4255 /* UICollectionViewLeftAlignedLayout.swift */,
				524606B92384EE03007F4255 /* WaterfallLayout.swift */,
				524606BA2384EE03007F4255 /* CollectionViewCenteredFlowLayout.swift */,
			);
			path = UICollectionView;
			sourceTree = "<group>";
		};
		524606BB2384EE03007F4255 /* UIBarButtonItem */ = {
			isa = PBXGroup;
			children = (
				524606BC2384EE03007F4255 /* CustomBarButtonItem.swift */,
				524606BD2384EE03007F4255 /* UIBarButtonItem+Convenient.swift */,
			);
			path = UIBarButtonItem;
			sourceTree = "<group>";
		};
		524606BE2384EE03007F4255 /* Number */ = {
			isa = PBXGroup;
			children = (
				524606BF2384EE03007F4255 /* Number+Convenient.swift */,
			);
			path = Number;
			sourceTree = "<group>";
		};
		524606C02384EE03007F4255 /* MapKit */ = {
			isa = PBXGroup;
			children = (
				524606C12384EE03007F4255 /* CLLocationCoordinate2D+Transform.swift */,
				524606C22384EE03007F4255 /* MapOPenURL.swift */,
			);
			path = MapKit;
			sourceTree = "<group>";
		};
		524606C32384EE03007F4255 /* UIViewController */ = {
			isa = PBXGroup;
			children = (
				524606C42384EE03007F4255 /* InpuctNotifyViewController.swift */,
				524606C52384EE03007F4255 /* UIViewController+Convenient.swift */,
				524606C62384EE03007F4255 /* UIViewController+Find.swift */,
			);
			path = UIViewController;
			sourceTree = "<group>";
		};
		524606C72384EE03007F4255 /* UITableView */ = {
			isa = PBXGroup;
			children = (
				524606C82384EE03007F4255 /* UITableView+Convenient.swift */,
			);
			path = UITableView;
			sourceTree = "<group>";
		};
		524606C92384EE03007F4255 /* UISearchBar */ = {
			isa = PBXGroup;
			children = (
				524606CA2384EE03007F4255 /* UISearchBar+Convenient.swift */,
			);
			path = UISearchBar;
			sourceTree = "<group>";
		};
		524606CB2384EE03007F4255 /* String */ = {
			isa = PBXGroup;
			children = (
				524606CC2384EE03007F4255 /* String+Size.swift */,
				524606CD2384EE03007F4255 /* String+Range.swift */,
				524606CE2384EE03007F4255 /* String+Tool.swift */,
				524606CF2384EE03007F4255 /* String+Attributed.swift */,
			);
			path = String;
			sourceTree = "<group>";
		};
		524606D02384EE03007F4255 /* CALayer */ = {
			isa = PBXGroup;
			children = (
				524606D12384EE03007F4255 /* CALayer+Sketch.swift */,
			);
			path = CALayer;
			sourceTree = "<group>";
		};
		524606D22384EE03007F4255 /* ViewModelBinding */ = {
			isa = PBXGroup;
			children = (
				524606D32384EE03007F4255 /* ViewModelBinding.swift */,
			);
			path = ViewModelBinding;
			sourceTree = "<group>";
		};
		524606D42384EE03007F4255 /* NSObject */ = {
			isa = PBXGroup;
			children = (
				524606D52384EE03007F4255 /* NSObject+Associate.swift */,
				524606D62384EE03007F4255 /* NSObject+Convenient.swift */,
			);
			path = NSObject;
			sourceTree = "<group>";
		};
		524606D72384EE03007F4255 /* Photos */ = {
			isa = PBXGroup;
			children = (
				524606D82384EE03007F4255 /* PhotoPickerHelper.swift */,
				524606D92384EE03007F4255 /* PhotoSaveHelper.swift */,
				524606DA2384EE03007F4255 /* ImageCropperViewController.swift */,
			);
			path = Photos;
			sourceTree = "<group>";
		};
		524606DB2384EE03007F4255 /* UITextField */ = {
			isa = PBXGroup;
			children = (
				524606DC2384EE03007F4255 /* CustomTextField.swift */,
				524606DD2384EE03007F4255 /* UITextField+Slice.swift */,
			);
			path = UITextField;
			sourceTree = "<group>";
		};
		5246071C2384F2E9007F4255 /* UIControl */ = {
			isa = PBXGroup;
			children = (
				5246071D2384F2E9007F4255 /* UIControl+EnlargeEdge.swift */,
			);
			path = UIControl;
			sourceTree = "<group>";
		};
		FF23ACAC068A80CC488968BE /* Frameworks */ = {
			isa = PBXGroup;
			children = (
				F33725A8DB54E01249AF6D6C /* Pods_Demo.framework */,
			);
			name = Frameworks;
			sourceTree = "<group>";
		};
/* End PBXGroup section */

/* Begin PBXNativeTarget section */
		52311745224220BB009DA11E /* Demo */ = {
			isa = PBXNativeTarget;
			buildConfigurationList = 52311758224220BC009DA11E /* Build configuration list for PBXNativeTarget "Demo" */;
			buildPhases = (
				52311742224220BB009DA11E /* Sources */,
				52311743224220BB009DA11E /* Frameworks */,
				52311744224220BB009DA11E /* Resources */,
				52311776224223D5009DA11E /* swiftlint */,
			);
			buildRules = (
			);
			dependencies = (
			);
			name = Demo;
			productName = Demo;
			productReference = 52311746224220BB009DA11E /* Demo.app */;
			productType = "com.apple.product-type.application";
		};
/* End PBXNativeTarget section */

/* Begin PBXProject section */
		5231173E224220BB009DA11E /* Project object */ = {
			isa = PBXProject;
			attributes = {
				LastSwiftUpdateCheck = 1010;
				LastUpgradeCheck = 1010;
				ORGANIZATIONNAME = Ganguo;
				TargetAttributes = {
					52311745224220BB009DA11E = {
						CreatedOnToolsVersion = 10.1;
					};
				};
			};
			buildConfigurationList = 52311741224220BB009DA11E /* Build configuration list for PBXProject "Demo" */;
			compatibilityVersion = "Xcode 9.3";
			developmentRegion = en;
			hasScannedForEncodings = 0;
			knownRegions = (
				en,
				Base,
				"zh-Hans",
			);
			mainGroup = 5231173D224220BB009DA11E;
			productRefGroup = 52311747224220BB009DA11E /* Products */;
			projectDirPath = "";
			projectRoot = "";
			targets = (
				52311745224220BB009DA11E /* Demo */,
			);
		};
/* End PBXProject section */

/* Begin PBXResourcesBuildPhase section */
		52311744224220BB009DA11E /* Resources */ = {
			isa = PBXResourcesBuildPhase;
			buildActionMask = 2147483647;
			files = (
				52311754224220BC009DA11E /* LaunchScreen.storyboard in Resources */,
				52311751224220BC009DA11E /* Assets.xcassets in Resources */,
				5231174F224220BB009DA11E /* Main.storyboard in Resources */,
			);
			runOnlyForDeploymentPostprocessing = 0;
		};
/* End PBXResourcesBuildPhase section */

/* Begin PBXShellScriptBuildPhase section */
		52311776224223D5009DA11E /* swiftlint */ = {
			isa = PBXShellScriptBuildPhase;
			buildActionMask = 2147483647;
			files = (
			);
			inputFileListPaths = (
			);
			inputPaths = (
			);
			name = swiftlint;
			outputFileListPaths = (
			);
			outputPaths = (
			);
			runOnlyForDeploymentPostprocessing = 0;
			shellPath = /bin/sh;
			shellScript = "if which swiftlint >/dev/null; then\n  swiftlint\nelse\n  echo \"warning: SwiftLint not installed, download from https://github.com/realm/SwiftLint\"\nfi\n";
		};
/* End PBXShellScriptBuildPhase section */

/* Begin PBXSourcesBuildPhase section */
		52311742224220BB009DA11E /* Sources */ = {
			isa = PBXSourcesBuildPhase;
			buildActionMask = 2147483647;
			files = (
				524606E82384EE03007F4255 /* CustomButton.swift in Sources */,
				5246070F2384EE03007F4255 /* String+Size.swift in Sources */,
				524607122384EE03007F4255 /* String+Attributed.swift in Sources */,
				524607042384EE03007F4255 /* CollectionViewCenteredFlowLayout.swift in Sources */,
				524606FE2384EE03007F4255 /* GestureClosure.swift in Sources */,
				524606F62384EE03007F4255 /* UIFont+Size.swift in Sources */,
				524606E52384EE03007F4255 /* LayoutConstraint.swift in Sources */,
				5231174C224220BB009DA11E /* ViewController.swift in Sources */,
				524607022384EE03007F4255 /* UICollectionViewLeftAlignedLayout.swift in Sources */,
				5246070B2384EE03007F4255 /* UIViewController+Convenient.swift in Sources */,
				5246070D2384EE03007F4255 /* UITableView+Convenient.swift in Sources */,
				524607072384EE03007F4255 /* Number+Convenient.swift in Sources */,
				524607152384EE03007F4255 /* NSObject+Associate.swift in Sources */,
				524607092384EE03007F4255 /* MapOPenURL.swift in Sources */,
				524606FB2384EE03007F4255 /* UIView+Closures.swift in Sources */,
				524607062384EE03007F4255 /* UIBarButtonItem+Convenient.swift in Sources */,
				524607032384EE03007F4255 /* WaterfallLayout.swift in Sources */,
				524606F32384EE03007F4255 /* SingleLineView.swift in Sources */,
				524607142384EE03007F4255 /* ViewModelBinding.swift in Sources */,
				5246071E2384F2E9007F4255 /* UIControl+EnlargeEdge.swift in Sources */,
				524606ED2384EE03007F4255 /* Decodable+Convenient.swift in Sources */,
				5246070E2384EE03007F4255 /* UISearchBar+Convenient.swift in Sources */,
				524606F52384EE03007F4255 /* Globals.swift in Sources */,
				524606E72384EE03007F4255 /* UILabel+TapAction.swift in Sources */,
				524606F22384EE03007F4255 /* UIView+Find.swift in Sources */,
				524606F92384EE03007F4255 /* Date+Formatter.swift in Sources */,
				524606FC2384EE03007F4255 /* UIBarButtonItem+Closures.swift in Sources */,
				5246070C2384EE03007F4255 /* UIViewController+Find.swift in Sources */,
				524606FF2384EE03007F4255 /* ClosureHandler.swift in Sources */,
				524607012384EE03007F4255 /* UITextView+Fix.swift in Sources */,
				5231174A224220BB009DA11E /* AppDelegate.swift in Sources */,
				524606E22384EE03007F4255 /* ScrollDirectionTracker.swift in Sources */,
				524606EA2384EE03007F4255 /* LayoutButton.swift in Sources */,
				524606DF2384EE03007F4255 /* UIImage+FixOrientation.swift in Sources */,
				524606EC2384EE03007F4255 /* DispatchQueue+Delay.swift in Sources */,
				5246071A2384EE03007F4255 /* CustomTextField.swift in Sources */,
				524606FA2384EE03007F4255 /* UIGestureRecognizer+Closures.swift in Sources */,
				524606E32384EE03007F4255 /* UIScrollView+Convenient.swift in Sources */,
				524606DE2384EE03007F4255 /* UIImage+Convenient.swift in Sources */,
				524606FD2384EE03007F4255 /* UIControl+Closures.swift in Sources */,
				524606E42384EE03007F4255 /* UIView+Constraint.swift in Sources */,
				5246070A2384EE03007F4255 /* InpuctNotifyViewController.swift in Sources */,
				524607112384EE03007F4255 /* String+Tool.swift in Sources */,
				524607182384EE03007F4255 /* PhotoSaveHelper.swift in Sources */,
				524606E62384EE03007F4255 /* InsetLabel.swift in Sources */,
				524606F72384EE03007F4255 /* UIDevice+.swift in Sources */,
				524606F02384EE03007F4255 /* UIView+Convenient.swift in Sources */,
				524606E12384EE03007F4255 /* SizeHelper.swift in Sources */,
				524606E02384EE03007F4255 /* UIImage+Draw.swift in Sources */,
				524607192384EE03007F4255 /* ImageCropperViewController.swift in Sources */,
				524607132384EE03007F4255 /* CALayer+Sketch.swift in Sources */,
				524606EE2384EE03007F4255 /* Encodable+Convenient.swift in Sources */,
				5246071B2384EE03007F4255 /* UITextField+Slice.swift in Sources */,
				524607052384EE03007F4255 /* CustomBarButtonItem.swift in Sources */,
				524606EF2384EE03007F4255 /* Codable+.swift in Sources */,
				524607102384EE03007F4255 /* String+Range.swift in Sources */,
				524607162384EE03007F4255 /* NSObject+Convenient.swift in Sources */,
				524606F12384EE03007F4255 /* UIView+Style.swift in Sources */,
				524607172384EE03007F4255 /* PhotoPickerHelper.swift in Sources */,
				524607082384EE03007F4255 /* CLLocationCoordinate2D+Transform.swift in Sources */,
				524606F42384EE03007F4255 /* GGUI.swift in Sources */,
				524606E92384EE03007F4255 /* SingleLineButton.swift in Sources */,
				524607002384EE03007F4255 /* UITextView+Slice.swift in Sources */,
				524606F82384EE03007F4255 /* Device.generated.swift in Sources */,
			);
			runOnlyForDeploymentPostprocessing = 0;
		};
/* End PBXSourcesBuildPhase section */

/* Begin PBXVariantGroup section */
		5231174D224220BB009DA11E /* Main.storyboard */ = {
			isa = PBXVariantGroup;
			children = (
				5231174E224220BB009DA11E /* Base */,
			);
			name = Main.storyboard;
			sourceTree = "<group>";
		};
		52311752224220BC009DA11E /* LaunchScreen.storyboard */ = {
			isa = PBXVariantGroup;
			children = (
				52311753224220BC009DA11E /* Base */,
			);
			name = LaunchScreen.storyboard;
			sourceTree = "<group>";
		};
/* End PBXVariantGroup section */

/* Begin XCBuildConfiguration section */
		52311756224220BC009DA11E /* Debug */ = {
			isa = XCBuildConfiguration;
			buildSettings = {
				ALWAYS_SEARCH_USER_PATHS = NO;
				CLANG_ANALYZER_NONNULL = YES;
				CLANG_ANALYZER_NUMBER_OBJECT_CONVERSION = YES_AGGRESSIVE;
				CLANG_CXX_LANGUAGE_STANDARD = "gnu++14";
				CLANG_CXX_LIBRARY = "libc++";
				CLANG_ENABLE_MODULES = YES;
				CLANG_ENABLE_OBJC_ARC = YES;
				CLANG_ENABLE_OBJC_WEAK = YES;
				CLANG_WARN_BLOCK_CAPTURE_AUTORELEASING = YES;
				CLANG_WARN_BOOL_CONVERSION = YES;
				CLANG_WARN_COMMA = YES;
				CLANG_WARN_CONSTANT_CONVERSION = YES;
				CLANG_WARN_DEPRECATED_OBJC_IMPLEMENTATIONS = YES;
				CLANG_WARN_DIRECT_OBJC_ISA_USAGE = YES_ERROR;
				CLANG_WARN_DOCUMENTATION_COMMENTS = YES;
				CLANG_WARN_EMPTY_BODY = YES;
				CLANG_WARN_ENUM_CONVERSION = YES;
				CLANG_WARN_INFINITE_RECURSION = YES;
				CLANG_WARN_INT_CONVERSION = YES;
				CLANG_WARN_NON_LITERAL_NULL_CONVERSION = YES;
				CLANG_WARN_OBJC_IMPLICIT_RETAIN_SELF = YES;
				CLANG_WARN_OBJC_LITERAL_CONVERSION = YES;
				CLANG_WARN_OBJC_ROOT_CLASS = YES_ERROR;
				CLANG_WARN_RANGE_LOOP_ANALYSIS = YES;
				CLANG_WARN_STRICT_PROTOTYPES = YES;
				CLANG_WARN_SUSPICIOUS_MOVE = YES;
				CLANG_WARN_UNGUARDED_AVAILABILITY = YES_AGGRESSIVE;
				CLANG_WARN_UNREACHABLE_CODE = YES;
				CLANG_WARN__DUPLICATE_METHOD_MATCH = YES;
				CODE_SIGN_IDENTITY = "iPhone Developer";
				COPY_PHASE_STRIP = NO;
				DEBUG_INFORMATION_FORMAT = dwarf;
				ENABLE_STRICT_OBJC_MSGSEND = YES;
				ENABLE_TESTABILITY = YES;
				GCC_C_LANGUAGE_STANDARD = gnu11;
				GCC_DYNAMIC_NO_PIC = NO;
				GCC_NO_COMMON_BLOCKS = YES;
				GCC_OPTIMIZATION_LEVEL = 0;
				GCC_PREPROCESSOR_DEFINITIONS = (
					"DEBUG=1",
					"$(inherited)",
				);
				GCC_WARN_64_TO_32_BIT_CONVERSION = YES;
				GCC_WARN_ABOUT_RETURN_TYPE = YES_ERROR;
				GCC_WARN_UNDECLARED_SELECTOR = YES;
				GCC_WARN_UNINITIALIZED_AUTOS = YES_AGGRESSIVE;
				GCC_WARN_UNUSED_FUNCTION = YES;
				GCC_WARN_UNUSED_VARIABLE = YES;
				IPHONEOS_DEPLOYMENT_TARGET = 12.1;
				MTL_ENABLE_DEBUG_INFO = INCLUDE_SOURCE;
				MTL_FAST_MATH = YES;
				ONLY_ACTIVE_ARCH = YES;
				SDKROOT = iphoneos;
				SWIFT_ACTIVE_COMPILATION_CONDITIONS = DEBUG;
				SWIFT_OPTIMIZATION_LEVEL = "-Onone";
			};
			name = Debug;
		};
		52311757224220BC009DA11E /* Release */ = {
			isa = XCBuildConfiguration;
			buildSettings = {
				ALWAYS_SEARCH_USER_PATHS = NO;
				CLANG_ANALYZER_NONNULL = YES;
				CLANG_ANALYZER_NUMBER_OBJECT_CONVERSION = YES_AGGRESSIVE;
				CLANG_CXX_LANGUAGE_STANDARD = "gnu++14";
				CLANG_CXX_LIBRARY = "libc++";
				CLANG_ENABLE_MODULES = YES;
				CLANG_ENABLE_OBJC_ARC = YES;
				CLANG_ENABLE_OBJC_WEAK = YES;
				CLANG_WARN_BLOCK_CAPTURE_AUTORELEASING = YES;
				CLANG_WARN_BOOL_CONVERSION = YES;
				CLANG_WARN_COMMA = YES;
				CLANG_WARN_CONSTANT_CONVERSION = YES;
				CLANG_WARN_DEPRECATED_OBJC_IMPLEMENTATIONS = YES;
				CLANG_WARN_DIRECT_OBJC_ISA_USAGE = YES_ERROR;
				CLANG_WARN_DOCUMENTATION_COMMENTS = YES;
				CLANG_WARN_EMPTY_BODY = YES;
				CLANG_WARN_ENUM_CONVERSION = YES;
				CLANG_WARN_INFINITE_RECURSION = YES;
				CLANG_WARN_INT_CONVERSION = YES;
				CLANG_WARN_NON_LITERAL_NULL_CONVERSION = YES;
				CLANG_WARN_OBJC_IMPLICIT_RETAIN_SELF = YES;
				CLANG_WARN_OBJC_LITERAL_CONVERSION = YES;
				CLANG_WARN_OBJC_ROOT_CLASS = YES_ERROR;
				CLANG_WARN_RANGE_LOOP_ANALYSIS = YES;
				CLANG_WARN_STRICT_PROTOTYPES = YES;
				CLANG_WARN_SUSPICIOUS_MOVE = YES;
				CLANG_WARN_UNGUARDED_AVAILABILITY = YES_AGGRESSIVE;
				CLANG_WARN_UNREACHABLE_CODE = YES;
				CLANG_WARN__DUPLICATE_METHOD_MATCH = YES;
				CODE_SIGN_IDENTITY = "iPhone Developer";
				COPY_PHASE_STRIP = NO;
				DEBUG_INFORMATION_FORMAT = "dwarf-with-dsym";
				ENABLE_NS_ASSERTIONS = NO;
				ENABLE_STRICT_OBJC_MSGSEND = YES;
				GCC_C_LANGUAGE_STANDARD = gnu11;
				GCC_NO_COMMON_BLOCKS = YES;
				GCC_WARN_64_TO_32_BIT_CONVERSION = YES;
				GCC_WARN_ABOUT_RETURN_TYPE = YES_ERROR;
				GCC_WARN_UNDECLARED_SELECTOR = YES;
				GCC_WARN_UNINITIALIZED_AUTOS = YES_AGGRESSIVE;
				GCC_WARN_UNUSED_FUNCTION = YES;
				GCC_WARN_UNUSED_VARIABLE = YES;
				IPHONEOS_DEPLOYMENT_TARGET = 12.1;
				MTL_ENABLE_DEBUG_INFO = NO;
				MTL_FAST_MATH = YES;
				SDKROOT = iphoneos;
				SWIFT_COMPILATION_MODE = wholemodule;
				SWIFT_OPTIMIZATION_LEVEL = "-O";
				VALIDATE_PRODUCT = YES;
			};
			name = Release;
		};
		52311759224220BC009DA11E /* Debug */ = {
			isa = XCBuildConfiguration;
			buildSettings = {
				ASSETCATALOG_COMPILER_APPICON_NAME = AppIcon;
				CLANG_OPTIMIZATION_PROFILE_FILE = "";
				CODE_SIGN_STYLE = Automatic;
				DEVELOPMENT_TEAM = GL2VUTHN95;
				INFOPLIST_FILE = Demo/Info.plist;
				IPHONEOS_DEPLOYMENT_TARGET = 9.0;
				LD_RUNPATH_SEARCH_PATHS = (
					"$(inherited)",
					"@executable_path/Frameworks",
				);
				PRODUCT_BUNDLE_IDENTIFIER = ganguo.hk.Demo;
				PRODUCT_NAME = "$(TARGET_NAME)";
				SWIFT_VERSION = 5.0;
				TARGETED_DEVICE_FAMILY = "1,2";
			};
			name = Debug;
		};
		5231175A224220BC009DA11E /* Release */ = {
			isa = XCBuildConfiguration;
			buildSettings = {
				ASSETCATALOG_COMPILER_APPICON_NAME = AppIcon;
				CLANG_OPTIMIZATION_PROFILE_FILE = "";
				CODE_SIGN_STYLE = Automatic;
				DEVELOPMENT_TEAM = GL2VUTHN95;
				INFOPLIST_FILE = Demo/Info.plist;
				IPHONEOS_DEPLOYMENT_TARGET = 9.0;
				LD_RUNPATH_SEARCH_PATHS = (
					"$(inherited)",
					"@executable_path/Frameworks",
				);
				PRODUCT_BUNDLE_IDENTIFIER = ganguo.hk.Demo;
				PRODUCT_NAME = "$(TARGET_NAME)";
				SWIFT_VERSION = 5.0;
				TARGETED_DEVICE_FAMILY = "1,2";
			};
			name = Release;
		};
/* End XCBuildConfiguration section */

/* Begin XCConfigurationList section */
		52311741224220BB009DA11E /* Build configuration list for PBXProject "Demo" */ = {
			isa = XCConfigurationList;
			buildConfigurations = (
				52311756224220BC009DA11E /* Debug */,
				52311757224220BC009DA11E /* Release */,
			);
			defaultConfigurationIsVisible = 0;
			defaultConfigurationName = Release;
		};
		52311758224220BC009DA11E /* Build configuration list for PBXNativeTarget "Demo" */ = {
			isa = XCConfigurationList;
			buildConfigurations = (
				52311759224220BC009DA11E /* Debug */,
				5231175A224220BC009DA11E /* Release */,
			);
			defaultConfigurationIsVisible = 0;
			defaultConfigurationName = Release;
		};
/* End XCConfigurationList section */
	};
	rootObject = 5231173E224220BB009DA11E /* Project object */;
}
